// !$*UTF8*$!
{
	archiveVersion = 1;
	classes = {
	};
	objectVersion = 52;
	objects = {

/* Begin PBXBuildFile section */
		45E681312DD0F158006CB382 /* SportsViewController.swift in Sources */ = {isa = PBXBuildFile; fileRef = 45E6812F2DD0F158006CB382 /* SportsViewController.swift */; };
		45E681322DD0F158006CB382 /* SportsCellTableViewCell.swift in Sources */ = {isa = PBXBuildFile; fileRef = 45E6812E2DD0F158006CB382 /* SportsCellTableViewCell.swift */; };
		45E681332DD0F158006CB382 /* Sport.swift in Sources */ = {isa = PBXBuildFile; fileRef = 45E6812D2DD0F158006CB382 /* Sport.swift */; };
		45FFB5872DD220EA00DC686C /* SportsLeagues.storyboard in Resources */ = {isa = PBXBuildFile; fileRef = 45FFB5852DD220EA00DC686C /* SportsLeagues.storyboard */; };
		45FFB5882DD220EA00DC686C /* LeagueTableViewCell.swift in Sources */ = {isa = PBXBuildFile; fileRef = 45FFB5832DD220EA00DC686C /* LeagueTableViewCell.swift */; };
		45FFB5892DD220EA00DC686C /* LeagueTableViewController.swift in Sources */ = {isa = PBXBuildFile; fileRef = 45FFB5842DD220EA00DC686C /* LeagueTableViewController.swift */; };
		45FFB58A2DD220EA00DC686C /* SportsLeaguesViewController.swift in Sources */ = {isa = PBXBuildFile; fileRef = 45FFB5862DD220EA00DC686C /* SportsLeaguesViewController.swift */; };
		E144F19E2DD13B2C00FE4618 /* ApiService.swift in Sources */ = {isa = PBXBuildFile; fileRef = E144F19D2DD13B2C00FE4618 /* ApiService.swift */; };
		E144F1A02DD13C2700FE4618 /* Model.swift in Sources */ = {isa = PBXBuildFile; fileRef = E144F19F2DD13C2700FE4618 /* Model.swift */; };
		E168A32C2DD122C3009C0658 /* lottie.json in Resources */ = {isa = PBXBuildFile; fileRef = E168A32B2DD122C3009C0658 /* lottie.json */; };
		E168A32E2DD122D4009C0658 /* SplashViewController.swift in Sources */ = {isa = PBXBuildFile; fileRef = E168A32D2DD122D4009C0658 /* SplashViewController.swift */; };
		E168A3312DD12369009C0658 /* Lottie in Frameworks */ = {isa = PBXBuildFile; productRef = E168A3302DD12369009C0658 /* Lottie */; };
		E18CEABF2DD1417C00828D49 /* Alamofire in Frameworks */ = {isa = PBXBuildFile; productRef = E18CEABE2DD1417C00828D49 /* Alamofire */; };
		E1B25F532DD08A2300D1A034 /* AppDelegate.swift in Sources */ = {isa = PBXBuildFile; fileRef = E1B25F522DD08A2300D1A034 /* AppDelegate.swift */; };
		E1B25F552DD08A2300D1A034 /* SceneDelegate.swift in Sources */ = {isa = PBXBuildFile; fileRef = E1B25F542DD08A2300D1A034 /* SceneDelegate.swift */; };
		E1B25F572DD08A2300D1A034 /* ViewController.swift in Sources */ = {isa = PBXBuildFile; fileRef = E1B25F562DD08A2300D1A034 /* ViewController.swift */; };
		E1B25F5A2DD08A2300D1A034 /* Main.storyboard in Resources */ = {isa = PBXBuildFile; fileRef = E1B25F582DD08A2300D1A034 /* Main.storyboard */; };
		E1B25F5D2DD08A2300D1A034 /* Sports_App.xcdatamodeld in Sources */ = {isa = PBXBuildFile; fileRef = E1B25F5B2DD08A2300D1A034 /* Sports_App.xcdatamodeld */; };
		E1B25F5F2DD08A2400D1A034 /* Assets.xcassets in Resources */ = {isa = PBXBuildFile; fileRef = E1B25F5E2DD08A2400D1A034 /* Assets.xcassets */; };
		E1B25F622DD08A2400D1A034 /* LaunchScreen.storyboard in Resources */ = {isa = PBXBuildFile; fileRef = E1B25F602DD08A2400D1A034 /* LaunchScreen.storyboard */; };
		E1B25F6D2DD08A2500D1A034 /* Sports_AppTests.swift in Sources */ = {isa = PBXBuildFile; fileRef = E1B25F6C2DD08A2500D1A034 /* Sports_AppTests.swift */; };
		E1B25F772DD08A2500D1A034 /* Sports_AppUITests.swift in Sources */ = {isa = PBXBuildFile; fileRef = E1B25F762DD08A2500D1A034 /* Sports_AppUITests.swift */; };
		E1B25F792DD08A2500D1A034 /* Sports_AppUITestsLaunchTests.swift in Sources */ = {isa = PBXBuildFile; fileRef = E1B25F782DD08A2500D1A034 /* Sports_AppUITestsLaunchTests.swift */; };
/* End PBXBuildFile section */

/* Begin PBXContainerItemProxy section */
		E1B25F692DD08A2500D1A034 /* PBXContainerItemProxy */ = {
			isa = PBXContainerItemProxy;
			containerPortal = E1B25F472DD08A2300D1A034 /* Project object */;
			proxyType = 1;
			remoteGlobalIDString = E1B25F4E2DD08A2300D1A034;
			remoteInfo = "Sports App";
		};
		E1B25F732DD08A2500D1A034 /* PBXContainerItemProxy */ = {
			isa = PBXContainerItemProxy;
			containerPortal = E1B25F472DD08A2300D1A034 /* Project object */;
			proxyType = 1;
			remoteGlobalIDString = E1B25F4E2DD08A2300D1A034;
			remoteInfo = "Sports App";
		};
/* End PBXContainerItemProxy section */

/* Begin PBXFileReference section */
		45E6812D2DD0F158006CB382 /* Sport.swift */ = {isa = PBXFileReference; lastKnownFileType = sourcecode.swift; path = Sport.swift; sourceTree = "<group>"; };
		45E6812E2DD0F158006CB382 /* SportsCellTableViewCell.swift */ = {isa = PBXFileReference; lastKnownFileType = sourcecode.swift; path = SportsCellTableViewCell.swift; sourceTree = "<group>"; };
		45E6812F2DD0F158006CB382 /* SportsViewController.swift */ = {isa = PBXFileReference; lastKnownFileType = sourcecode.swift; path = SportsViewController.swift; sourceTree = "<group>"; };
		45FFB5832DD220EA00DC686C /* LeagueTableViewCell.swift */ = {isa = PBXFileReference; lastKnownFileType = sourcecode.swift; path = LeagueTableViewCell.swift; sourceTree = "<group>"; };
		45FFB5842DD220EA00DC686C /* LeagueTableViewController.swift */ = {isa = PBXFileReference; lastKnownFileType = sourcecode.swift; path = LeagueTableViewController.swift; sourceTree = "<group>"; };
		45FFB5852DD220EA00DC686C /* SportsLeagues.storyboard */ = {isa = PBXFileReference; lastKnownFileType = file.storyboard; path = SportsLeagues.storyboard; sourceTree = "<group>"; };
		45FFB5862DD220EA00DC686C /* SportsLeaguesViewController.swift */ = {isa = PBXFileReference; lastKnownFileType = sourcecode.swift; path = SportsLeaguesViewController.swift; sourceTree = "<group>"; };
		E144F19D2DD13B2C00FE4618 /* ApiService.swift */ = {isa = PBXFileReference; lastKnownFileType = sourcecode.swift; path = ApiService.swift; sourceTree = "<group>"; };
		E144F19F2DD13C2700FE4618 /* Model.swift */ = {isa = PBXFileReference; lastKnownFileType = sourcecode.swift; path = Model.swift; sourceTree = "<group>"; };
		E168A32B2DD122C3009C0658 /* lottie.json */ = {isa = PBXFileReference; fileEncoding = 4; lastKnownFileType = text.json; path = lottie.json; sourceTree = "<group>"; };
		E168A32D2DD122D4009C0658 /* SplashViewController.swift */ = {isa = PBXFileReference; fileEncoding = 4; lastKnownFileType = sourcecode.swift; path = SplashViewController.swift; sourceTree = "<group>"; };
		E1B25F4F2DD08A2300D1A034 /* Sports App.app */ = {isa = PBXFileReference; explicitFileType = wrapper.application; includeInIndex = 0; path = "Sports App.app"; sourceTree = BUILT_PRODUCTS_DIR; };
		E1B25F522DD08A2300D1A034 /* AppDelegate.swift */ = {isa = PBXFileReference; lastKnownFileType = sourcecode.swift; path = AppDelegate.swift; sourceTree = "<group>"; };
		E1B25F542DD08A2300D1A034 /* SceneDelegate.swift */ = {isa = PBXFileReference; lastKnownFileType = sourcecode.swift; path = SceneDelegate.swift; sourceTree = "<group>"; };
		E1B25F562DD08A2300D1A034 /* ViewController.swift */ = {isa = PBXFileReference; lastKnownFileType = sourcecode.swift; path = ViewController.swift; sourceTree = "<group>"; };
		E1B25F592DD08A2300D1A034 /* Base */ = {isa = PBXFileReference; lastKnownFileType = file.storyboard; name = Base; path = Base.lproj/Main.storyboard; sourceTree = "<group>"; };
		E1B25F5C2DD08A2300D1A034 /* Sports_App.xcdatamodel */ = {isa = PBXFileReference; lastKnownFileType = wrapper.xcdatamodel; path = Sports_App.xcdatamodel; sourceTree = "<group>"; };
		E1B25F5E2DD08A2400D1A034 /* Assets.xcassets */ = {isa = PBXFileReference; lastKnownFileType = folder.assetcatalog; path = Assets.xcassets; sourceTree = "<group>"; };
		E1B25F612DD08A2400D1A034 /* Base */ = {isa = PBXFileReference; lastKnownFileType = file.storyboard; name = Base; path = Base.lproj/LaunchScreen.storyboard; sourceTree = "<group>"; };
		E1B25F632DD08A2400D1A034 /* Info.plist */ = {isa = PBXFileReference; lastKnownFileType = text.plist.xml; path = Info.plist; sourceTree = "<group>"; };
		E1B25F682DD08A2500D1A034 /* Sports AppTests.xctest */ = {isa = PBXFileReference; explicitFileType = wrapper.cfbundle; includeInIndex = 0; path = "Sports AppTests.xctest"; sourceTree = BUILT_PRODUCTS_DIR; };
		E1B25F6C2DD08A2500D1A034 /* Sports_AppTests.swift */ = {isa = PBXFileReference; lastKnownFileType = sourcecode.swift; path = Sports_AppTests.swift; sourceTree = "<group>"; };
		E1B25F722DD08A2500D1A034 /* Sports AppUITests.xctest */ = {isa = PBXFileReference; explicitFileType = wrapper.cfbundle; includeInIndex = 0; path = "Sports AppUITests.xctest"; sourceTree = BUILT_PRODUCTS_DIR; };
		E1B25F762DD08A2500D1A034 /* Sports_AppUITests.swift */ = {isa = PBXFileReference; lastKnownFileType = sourcecode.swift; path = Sports_AppUITests.swift; sourceTree = "<group>"; };
		E1B25F782DD08A2500D1A034 /* Sports_AppUITestsLaunchTests.swift */ = {isa = PBXFileReference; lastKnownFileType = sourcecode.swift; path = Sports_AppUITestsLaunchTests.swift; sourceTree = "<group>"; };
/* End PBXFileReference section */

/* Begin PBXFileSystemSynchronizedRootGroup section */
		45E6813E2DD0F801006CB382 /* sports_leagues */ = {isa = PBXFileSystemSynchronizedRootGroup; explicitFileTypes = {}; explicitFolders = (); path = sports_leagues; sourceTree = "<group>"; };
/* End PBXFileSystemSynchronizedRootGroup section */

/* Begin PBXFrameworksBuildPhase section */
		E1B25F4C2DD08A2300D1A034 /* Frameworks */ = {
			isa = PBXFrameworksBuildPhase;
			buildActionMask = 2147483647;
			files = (
				E168A3312DD12369009C0658 /* Lottie in Frameworks */,
				E18CEABF2DD1417C00828D49 /* Alamofire in Frameworks */,
			);
			runOnlyForDeploymentPostprocessing = 0;
		};
		E1B25F652DD08A2500D1A034 /* Frameworks */ = {
			isa = PBXFrameworksBuildPhase;
			buildActionMask = 2147483647;
			files = (
			);
			runOnlyForDeploymentPostprocessing = 0;
		};
		E1B25F6F2DD08A2500D1A034 /* Frameworks */ = {
			isa = PBXFrameworksBuildPhase;
			buildActionMask = 2147483647;
			files = (
			);
			runOnlyForDeploymentPostprocessing = 0;
		};
/* End PBXFrameworksBuildPhase section */

/* Begin PBXGroup section */
		45E681302DD0F158006CB382 /* main_screen */ = {
			isa = PBXGroup;
			children = (
				45E6812D2DD0F158006CB382 /* Sport.swift */,
				45E6812E2DD0F158006CB382 /* SportsCellTableViewCell.swift */,
				45E6812F2DD0F158006CB382 /* SportsViewController.swift */,
			);
			path = main_screen;
			sourceTree = "<group>";
		};
		45FFB58B2DD2214700DC686C /* sports_leagues */ = {
			isa = PBXGroup;
			children = (
				45FFB5832DD220EA00DC686C /* LeagueTableViewCell.swift */,
				45FFB5842DD220EA00DC686C /* LeagueTableViewController.swift */,
				45FFB5852DD220EA00DC686C /* SportsLeagues.storyboard */,
				45FFB5862DD220EA00DC686C /* SportsLeaguesViewController.swift */,
			);
			path = sports_leagues;
			sourceTree = "<group>";
		};
		E1B25F462DD08A2300D1A034 = {
			isa = PBXGroup;
			children = (
				E1B25F512DD08A2300D1A034 /* Sports App */,
				E1B25F6B2DD08A2500D1A034 /* Sports AppTests */,
				E1B25F752DD08A2500D1A034 /* Sports AppUITests */,
				E1B25F502DD08A2300D1A034 /* Products */,
			);
			sourceTree = "<group>";
		};
		E1B25F502DD08A2300D1A034 /* Products */ = {
			isa = PBXGroup;
			children = (
				E1B25F4F2DD08A2300D1A034 /* Sports App.app */,
				E1B25F682DD08A2500D1A034 /* Sports AppTests.xctest */,
				E1B25F722DD08A2500D1A034 /* Sports AppUITests.xctest */,
			);
			name = Products;
			sourceTree = "<group>";
		};
		E1B25F512DD08A2300D1A034 /* Sports App */ = {
			isa = PBXGroup;
			children = (
				45FFB58B2DD2214700DC686C /* sports_leagues */,
				45E681302DD0F158006CB382 /* main_screen */,
				E1B25F522DD08A2300D1A034 /* AppDelegate.swift */,
				E1B25F542DD08A2300D1A034 /* SceneDelegate.swift */,
				E1B25F562DD08A2300D1A034 /* ViewController.swift */,
				E168A32B2DD122C3009C0658 /* lottie.json */,
				E1B25F582DD08A2300D1A034 /* Main.storyboard */,
				E1B25F5E2DD08A2400D1A034 /* Assets.xcassets */,
				E168A32D2DD122D4009C0658 /* SplashViewController.swift */,
				E1B25F602DD08A2400D1A034 /* LaunchScreen.storyboard */,
				E1B25F632DD08A2400D1A034 /* Info.plist */,
				E1B25F5B2DD08A2300D1A034 /* Sports_App.xcdatamodeld */,
				E144F19D2DD13B2C00FE4618 /* ApiService.swift */,
				E144F19F2DD13C2700FE4618 /* Model.swift */,
			);
			path = "Sports App";
			sourceTree = "<group>";
		};
		E1B25F6B2DD08A2500D1A034 /* Sports AppTests */ = {
			isa = PBXGroup;
			children = (
				E1B25F6C2DD08A2500D1A034 /* Sports_AppTests.swift */,
			);
			path = "Sports AppTests";
			sourceTree = "<group>";
		};
		E1B25F752DD08A2500D1A034 /* Sports AppUITests */ = {
			isa = PBXGroup;
			children = (
				E1B25F762DD08A2500D1A034 /* Sports_AppUITests.swift */,
				E1B25F782DD08A2500D1A034 /* Sports_AppUITestsLaunchTests.swift */,
			);
			path = "Sports AppUITests";
			sourceTree = "<group>";
		};
/* End PBXGroup section */

/* Begin PBXNativeTarget section */
		E1B25F4E2DD08A2300D1A034 /* Sports App */ = {
			isa = PBXNativeTarget;
			buildConfigurationList = E1B25F7C2DD08A2500D1A034 /* Build configuration list for PBXNativeTarget "Sports App" */;
			buildPhases = (
				E1B25F4B2DD08A2300D1A034 /* Sources */,
				E1B25F4C2DD08A2300D1A034 /* Frameworks */,
				E1B25F4D2DD08A2300D1A034 /* Resources */,
			);
			buildRules = (
			);
			dependencies = (
			);
			fileSystemSynchronizedGroups = (
				45E6813E2DD0F801006CB382 /* sports_leagues */,
			);
			name = "Sports App";
			packageProductDependencies = (
				E168A3302DD12369009C0658 /* Lottie */,
				E18CEABE2DD1417C00828D49 /* Alamofire */,
			);
			productName = "Sports App";
			productReference = E1B25F4F2DD08A2300D1A034 /* Sports App.app */;
			productType = "com.apple.product-type.application";
		};
		E1B25F672DD08A2500D1A034 /* Sports AppTests */ = {
			isa = PBXNativeTarget;
			buildConfigurationList = E1B25F7F2DD08A2500D1A034 /* Build configuration list for PBXNativeTarget "Sports AppTests" */;
			buildPhases = (
				E1B25F642DD08A2500D1A034 /* Sources */,
				E1B25F652DD08A2500D1A034 /* Frameworks */,
				E1B25F662DD08A2500D1A034 /* Resources */,
			);
			buildRules = (
			);
			dependencies = (
				E1B25F6A2DD08A2500D1A034 /* PBXTargetDependency */,
			);
			name = "Sports AppTests";
			productName = "Sports AppTests";
			productReference = E1B25F682DD08A2500D1A034 /* Sports AppTests.xctest */;
			productType = "com.apple.product-type.bundle.unit-test";
		};
		E1B25F712DD08A2500D1A034 /* Sports AppUITests */ = {
			isa = PBXNativeTarget;
			buildConfigurationList = E1B25F822DD08A2500D1A034 /* Build configuration list for PBXNativeTarget "Sports AppUITests" */;
			buildPhases = (
				E1B25F6E2DD08A2500D1A034 /* Sources */,
				E1B25F6F2DD08A2500D1A034 /* Frameworks */,
				E1B25F702DD08A2500D1A034 /* Resources */,
			);
			buildRules = (
			);
			dependencies = (
				E1B25F742DD08A2500D1A034 /* PBXTargetDependency */,
			);
			name = "Sports AppUITests";
			productName = "Sports AppUITests";
			productReference = E1B25F722DD08A2500D1A034 /* Sports AppUITests.xctest */;
			productType = "com.apple.product-type.bundle.ui-testing";
		};
/* End PBXNativeTarget section */

/* Begin PBXProject section */
		E1B25F472DD08A2300D1A034 /* Project object */ = {
			isa = PBXProject;
			attributes = {
				LastSwiftUpdateCheck = 1420;
				LastUpgradeCheck = 1420;
				TargetAttributes = {
					E1B25F4E2DD08A2300D1A034 = {
						CreatedOnToolsVersion = 14.2;
					};
					E1B25F672DD08A2500D1A034 = {
						CreatedOnToolsVersion = 14.2;
						TestTargetID = E1B25F4E2DD08A2300D1A034;
					};
					E1B25F712DD08A2500D1A034 = {
						CreatedOnToolsVersion = 14.2;
						TestTargetID = E1B25F4E2DD08A2300D1A034;
					};
				};
			};
			buildConfigurationList = E1B25F4A2DD08A2300D1A034 /* Build configuration list for PBXProject "Sports App" */;
			compatibilityVersion = "Xcode 14.0";
			developmentRegion = en;
			hasScannedForEncodings = 0;
			knownRegions = (
				en,
				Base,
			);
			mainGroup = E1B25F462DD08A2300D1A034;
			packageReferences = (
				E168A32F2DD12369009C0658 /* XCRemoteSwiftPackageReference "lottie-ios" */,
				E18CEABD2DD1417C00828D49 /* XCRemoteSwiftPackageReference "Alamofire" */,
			);
			productRefGroup = E1B25F502DD08A2300D1A034 /* Products */;
			projectDirPath = "";
			projectRoot = "";
			targets = (
				E1B25F4E2DD08A2300D1A034 /* Sports App */,
				E1B25F672DD08A2500D1A034 /* Sports AppTests */,
				E1B25F712DD08A2500D1A034 /* Sports AppUITests */,
			);
		};
/* End PBXProject section */

/* Begin PBXResourcesBuildPhase section */
		E1B25F4D2DD08A2300D1A034 /* Resources */ = {
			isa = PBXResourcesBuildPhase;
			buildActionMask = 2147483647;
			files = (
				45FFB5872DD220EA00DC686C /* SportsLeagues.storyboard in Resources */,
				E168A32C2DD122C3009C0658 /* lottie.json in Resources */,
				E1B25F622DD08A2400D1A034 /* LaunchScreen.storyboard in Resources */,
				E1B25F5F2DD08A2400D1A034 /* Assets.xcassets in Resources */,
				E1B25F5A2DD08A2300D1A034 /* Main.storyboard in Resources */,
			);
			runOnlyForDeploymentPostprocessing = 0;
		};
		E1B25F662DD08A2500D1A034 /* Resources */ = {
			isa = PBXResourcesBuildPhase;
			buildActionMask = 2147483647;
			files = (
			);
			runOnlyForDeploymentPostprocessing = 0;
		};
		E1B25F702DD08A2500D1A034 /* Resources */ = {
			isa = PBXResourcesBuildPhase;
			buildActionMask = 2147483647;
			files = (
			);
			runOnlyForDeploymentPostprocessing = 0;
		};
/* End PBXResourcesBuildPhase section */

/* Begin PBXSourcesBuildPhase section */
		E1B25F4B2DD08A2300D1A034 /* Sources */ = {
			isa = PBXSourcesBuildPhase;
			buildActionMask = 2147483647;
			files = (
				E1B25F572DD08A2300D1A034 /* ViewController.swift in Sources */,
				E1B25F532DD08A2300D1A034 /* AppDelegate.swift in Sources */,
				E1B25F5D2DD08A2300D1A034 /* Sports_App.xcdatamodeld in Sources */,
				45E681312DD0F158006CB382 /* SportsViewController.swift in Sources */,
				45E681322DD0F158006CB382 /* SportsCellTableViewCell.swift in Sources */,
				E144F1A02DD13C2700FE4618 /* Model.swift in Sources */,
				45FFB5882DD220EA00DC686C /* LeagueTableViewCell.swift in Sources */,
				45FFB5892DD220EA00DC686C /* LeagueTableViewController.swift in Sources */,
				45FFB58A2DD220EA00DC686C /* SportsLeaguesViewController.swift in Sources */,
				E144F19E2DD13B2C00FE4618 /* ApiService.swift in Sources */,
				45E681332DD0F158006CB382 /* Sport.swift in Sources */,
				E1B25F552DD08A2300D1A034 /* SceneDelegate.swift in Sources */,
				E168A32E2DD122D4009C0658 /* SplashViewController.swift in Sources */,
			);
			runOnlyForDeploymentPostprocessing = 0;
		};
		E1B25F642DD08A2500D1A034 /* Sources */ = {
			isa = PBXSourcesBuildPhase;
			buildActionMask = 2147483647;
			files = (
				E1B25F6D2DD08A2500D1A034 /* Sports_AppTests.swift in Sources */,
			);
			runOnlyForDeploymentPostprocessing = 0;
		};
		E1B25F6E2DD08A2500D1A034 /* Sources */ = {
			isa = PBXSourcesBuildPhase;
			buildActionMask = 2147483647;
			files = (
				E1B25F772DD08A2500D1A034 /* Sports_AppUITests.swift in Sources */,
				E1B25F792DD08A2500D1A034 /* Sports_AppUITestsLaunchTests.swift in Sources */,
			);
			runOnlyForDeploymentPostprocessing = 0;
		};
/* End PBXSourcesBuildPhase section */

/* Begin PBXTargetDependency section */
		E1B25F6A2DD08A2500D1A034 /* PBXTargetDependency */ = {
			isa = PBXTargetDependency;
			target = E1B25F4E2DD08A2300D1A034 /* Sports App */;
			targetProxy = E1B25F692DD08A2500D1A034 /* PBXContainerItemProxy */;
		};
		E1B25F742DD08A2500D1A034 /* PBXTargetDependency */ = {
			isa = PBXTargetDependency;
			target = E1B25F4E2DD08A2300D1A034 /* Sports App */;
			targetProxy = E1B25F732DD08A2500D1A034 /* PBXContainerItemProxy */;
		};
/* End PBXTargetDependency section */

/* Begin PBXVariantGroup section */
		E1B25F582DD08A2300D1A034 /* Main.storyboard */ = {
			isa = PBXVariantGroup;
			children = (
				E1B25F592DD08A2300D1A034 /* Base */,
			);
			name = Main.storyboard;
			sourceTree = "<group>";
		};
		E1B25F602DD08A2400D1A034 /* LaunchScreen.storyboard */ = {
			isa = PBXVariantGroup;
			children = (
				E1B25F612DD08A2400D1A034 /* Base */,
			);
			name = LaunchScreen.storyboard;
			sourceTree = "<group>";
		};
/* End PBXVariantGroup section */

/* Begin XCBuildConfiguration section */
		E1B25F7A2DD08A2500D1A034 /* Debug */ = {
			isa = XCBuildConfiguration;
			buildSettings = {
				ALWAYS_SEARCH_USER_PATHS = NO;
				CLANG_ANALYZER_NONNULL = YES;
				CLANG_ANALYZER_NUMBER_OBJECT_CONVERSION = YES_AGGRESSIVE;
				CLANG_CXX_LANGUAGE_STANDARD = "gnu++20";
				CLANG_ENABLE_MODULES = YES;
				CLANG_ENABLE_OBJC_ARC = YES;
				CLANG_ENABLE_OBJC_WEAK = YES;
				CLANG_WARN_BLOCK_CAPTURE_AUTORELEASING = YES;
				CLANG_WARN_BOOL_CONVERSION = YES;
				CLANG_WARN_COMMA = YES;
				CLANG_WARN_CONSTANT_CONVERSION = YES;
				CLANG_WARN_DEPRECATED_OBJC_IMPLEMENTATIONS = YES;
				CLANG_WARN_DIRECT_OBJC_ISA_USAGE = YES_ERROR;
				CLANG_WARN_DOCUMENTATION_COMMENTS = YES;
				CLANG_WARN_EMPTY_BODY = YES;
				CLANG_WARN_ENUM_CONVERSION = YES;
				CLANG_WARN_INFINITE_RECURSION = YES;
				CLANG_WARN_INT_CONVERSION = YES;
				CLANG_WARN_NON_LITERAL_NULL_CONVERSION = YES;
				CLANG_WARN_OBJC_IMPLICIT_RETAIN_SELF = YES;
				CLANG_WARN_OBJC_LITERAL_CONVERSION = YES;
				CLANG_WARN_OBJC_ROOT_CLASS = YES_ERROR;
				CLANG_WARN_QUOTED_INCLUDE_IN_FRAMEWORK_HEADER = YES;
				CLANG_WARN_RANGE_LOOP_ANALYSIS = YES;
				CLANG_WARN_STRICT_PROTOTYPES = YES;
				CLANG_WARN_SUSPICIOUS_MOVE = YES;
				CLANG_WARN_UNGUARDED_AVAILABILITY = YES_AGGRESSIVE;
				CLANG_WARN_UNREACHABLE_CODE = YES;
				CLANG_WARN__DUPLICATE_METHOD_MATCH = YES;
				COPY_PHASE_STRIP = NO;
				DEBUG_INFORMATION_FORMAT = dwarf;
				ENABLE_STRICT_OBJC_MSGSEND = YES;
				ENABLE_TESTABILITY = YES;
				GCC_C_LANGUAGE_STANDARD = gnu11;
				GCC_DYNAMIC_NO_PIC = NO;
				GCC_NO_COMMON_BLOCKS = YES;
				GCC_OPTIMIZATION_LEVEL = 0;
				GCC_PREPROCESSOR_DEFINITIONS = (
					"DEBUG=1",
					"$(inherited)",
				);
				GCC_WARN_64_TO_32_BIT_CONVERSION = YES;
				GCC_WARN_ABOUT_RETURN_TYPE = YES_ERROR;
				GCC_WARN_UNDECLARED_SELECTOR = YES;
				GCC_WARN_UNINITIALIZED_AUTOS = YES_AGGRESSIVE;
				GCC_WARN_UNUSED_FUNCTION = YES;
				GCC_WARN_UNUSED_VARIABLE = YES;
				IPHONEOS_DEPLOYMENT_TARGET = 16.2;
				MTL_ENABLE_DEBUG_INFO = INCLUDE_SOURCE;
				MTL_FAST_MATH = YES;
				ONLY_ACTIVE_ARCH = YES;
				SDKROOT = iphoneos;
				SWIFT_ACTIVE_COMPILATION_CONDITIONS = DEBUG;
				SWIFT_OPTIMIZATION_LEVEL = "-Onone";
			};
			name = Debug;
		};
		E1B25F7B2DD08A2500D1A034 /* Release */ = {
			isa = XCBuildConfiguration;
			buildSettings = {
				ALWAYS_SEARCH_USER_PATHS = NO;
				CLANG_ANALYZER_NONNULL = YES;
				CLANG_ANALYZER_NUMBER_OBJECT_CONVERSION = YES_AGGRESSIVE;
				CLANG_CXX_LANGUAGE_STANDARD = "gnu++20";
				CLANG_ENABLE_MODULES = YES;
				CLANG_ENABLE_OBJC_ARC = YES;
				CLANG_ENABLE_OBJC_WEAK = YES;
				CLANG_WARN_BLOCK_CAPTURE_AUTORELEASING = YES;
				CLANG_WARN_BOOL_CONVERSION = YES;
				CLANG_WARN_COMMA = YES;
				CLANG_WARN_CONSTANT_CONVERSION = YES;
				CLANG_WARN_DEPRECATED_OBJC_IMPLEMENTATIONS = YES;
				CLANG_WARN_DIRECT_OBJC_ISA_USAGE = YES_ERROR;
				CLANG_WARN_DOCUMENTATION_COMMENTS = YES;
				CLANG_WARN_EMPTY_BODY = YES;
				CLANG_WARN_ENUM_CONVERSION = YES;
				CLANG_WARN_INFINITE_RECURSION = YES;
				CLANG_WARN_INT_CONVERSION = YES;
				CLANG_WARN_NON_LITERAL_NULL_CONVERSION = YES;
				CLANG_WARN_OBJC_IMPLICIT_RETAIN_SELF = YES;
				CLANG_WARN_OBJC_LITERAL_CONVERSION = YES;
				CLANG_WARN_OBJC_ROOT_CLASS = YES_ERROR;
				CLANG_WARN_QUOTED_INCLUDE_IN_FRAMEWORK_HEADER = YES;
				CLANG_WARN_RANGE_LOOP_ANALYSIS = YES;
				CLANG_WARN_STRICT_PROTOTYPES = YES;
				CLANG_WARN_SUSPICIOUS_MOVE = YES;
				CLANG_WARN_UNGUARDED_AVAILABILITY = YES_AGGRESSIVE;
				CLANG_WARN_UNREACHABLE_CODE = YES;
				CLANG_WARN__DUPLICATE_METHOD_MATCH = YES;
				COPY_PHASE_STRIP = NO;
				DEBUG_INFORMATION_FORMAT = "dwarf-with-dsym";
				ENABLE_NS_ASSERTIONS = NO;
				ENABLE_STRICT_OBJC_MSGSEND = YES;
				GCC_C_LANGUAGE_STANDARD = gnu11;
				GCC_NO_COMMON_BLOCKS = YES;
				GCC_WARN_64_TO_32_BIT_CONVERSION = YES;
				GCC_WARN_ABOUT_RETURN_TYPE = YES_ERROR;
				GCC_WARN_UNDECLARED_SELECTOR = YES;
				GCC_WARN_UNINITIALIZED_AUTOS = YES_AGGRESSIVE;
				GCC_WARN_UNUSED_FUNCTION = YES;
				GCC_WARN_UNUSED_VARIABLE = YES;
				IPHONEOS_DEPLOYMENT_TARGET = 16.2;
				MTL_ENABLE_DEBUG_INFO = NO;
				MTL_FAST_MATH = YES;
				SDKROOT = iphoneos;
				SWIFT_COMPILATION_MODE = wholemodule;
				SWIFT_OPTIMIZATION_LEVEL = "-O";
				VALIDATE_PRODUCT = YES;
			};
			name = Release;
		};
		E1B25F7D2DD08A2500D1A034 /* Debug */ = {
			isa = XCBuildConfiguration;
			buildSettings = {
				ASSETCATALOG_COMPILER_APPICON_NAME = AppIcon;
				ASSETCATALOG_COMPILER_GLOBAL_ACCENT_COLOR_NAME = AccentColor;
				CODE_SIGN_STYLE = Automatic;
				CURRENT_PROJECT_VERSION = 1;
				GENERATE_INFOPLIST_FILE = YES;
				INFOPLIST_FILE = "Sports App/Info.plist";
				INFOPLIST_KEY_UIApplicationSupportsIndirectInputEvents = YES;
				INFOPLIST_KEY_UILaunchStoryboardName = LaunchScreen;
				INFOPLIST_KEY_UIMainStoryboardFile = Main;
				INFOPLIST_KEY_UISupportedInterfaceOrientations_iPad = "UIInterfaceOrientationPortrait UIInterfaceOrientationPortraitUpsideDown UIInterfaceOrientationLandscapeLeft UIInterfaceOrientationLandscapeRight";
				INFOPLIST_KEY_UISupportedInterfaceOrientations_iPhone = "UIInterfaceOrientationPortrait UIInterfaceOrientationLandscapeLeft UIInterfaceOrientationLandscapeRight";
				LD_RUNPATH_SEARCH_PATHS = (
					"$(inherited)",
					"@executable_path/Frameworks",
				);
				MARKETING_VERSION = 1.0;
				PRODUCT_BUNDLE_IDENTIFIER = "com.Sports-App";
				PRODUCT_NAME = "$(TARGET_NAME)";
				SWIFT_EMIT_LOC_STRINGS = YES;
				SWIFT_VERSION = 5.0;
				TARGETED_DEVICE_FAMILY = "1,2";
			};
			name = Debug;
		};
		E1B25F7E2DD08A2500D1A034 /* Release */ = {
			isa = XCBuildConfiguration;
			buildSettings = {
				ASSETCATALOG_COMPILER_APPICON_NAME = AppIcon;
				ASSETCATALOG_COMPILER_GLOBAL_ACCENT_COLOR_NAME = AccentColor;
				CODE_SIGN_STYLE = Automatic;
				CURRENT_PROJECT_VERSION = 1;
				GENERATE_INFOPLIST_FILE = YES;
				INFOPLIST_FILE = "Sports App/Info.plist";
				INFOPLIST_KEY_UIApplicationSupportsIndirectInputEvents = YES;
				INFOPLIST_KEY_UILaunchStoryboardName = LaunchScreen;
				INFOPLIST_KEY_UIMainStoryboardFile = Main;
				INFOPLIST_KEY_UISupportedInterfaceOrientations_iPad = "UIInterfaceOrientationPortrait UIInterfaceOrientationPortraitUpsideDown UIInterfaceOrientationLandscapeLeft UIInterfaceOrientationLandscapeRight";
				INFOPLIST_KEY_UISupportedInterfaceOrientations_iPhone = "UIInterfaceOrientationPortrait UIInterfaceOrientationLandscapeLeft UIInterfaceOrientationLandscapeRight";
				LD_RUNPATH_SEARCH_PATHS = (
					"$(inherited)",
					"@executable_path/Frameworks",
				);
				MARKETING_VERSION = 1.0;
				PRODUCT_BUNDLE_IDENTIFIER = "com.Sports-App";
				PRODUCT_NAME = "$(TARGET_NAME)";
				SWIFT_EMIT_LOC_STRINGS = YES;
				SWIFT_VERSION = 5.0;
				TARGETED_DEVICE_FAMILY = "1,2";
			};
			name = Release;
		};
		E1B25F802DD08A2500D1A034 /* Debug */ = {
			isa = XCBuildConfiguration;
			buildSettings = {
				ALWAYS_EMBED_SWIFT_STANDARD_LIBRARIES = YES;
				BUNDLE_LOADER = "$(TEST_HOST)";
				CODE_SIGN_STYLE = Automatic;
				CURRENT_PROJECT_VERSION = 1;
				GENERATE_INFOPLIST_FILE = YES;
				IPHONEOS_DEPLOYMENT_TARGET = 16.2;
				MARKETING_VERSION = 1.0;
				PRODUCT_BUNDLE_IDENTIFIER = "com.Sports-AppTests";
				PRODUCT_NAME = "$(TARGET_NAME)";
				SWIFT_EMIT_LOC_STRINGS = NO;
				SWIFT_VERSION = 5.0;
				TARGETED_DEVICE_FAMILY = "1,2";
				TEST_HOST = "$(BUILT_PRODUCTS_DIR)/Sports App.app/$(BUNDLE_EXECUTABLE_FOLDER_PATH)/Sports App";
			};
			name = Debug;
		};
		E1B25F812DD08A2500D1A034 /* Release */ = {
			isa = XCBuildConfiguration;
			buildSettings = {
				ALWAYS_EMBED_SWIFT_STANDARD_LIBRARIES = YES;
				BUNDLE_LOADER = "$(TEST_HOST)";
				CODE_SIGN_STYLE = Automatic;
				CURRENT_PROJECT_VERSION = 1;
				GENERATE_INFOPLIST_FILE = YES;
				IPHONEOS_DEPLOYMENT_TARGET = 16.2;
				MARKETING_VERSION = 1.0;
				PRODUCT_BUNDLE_IDENTIFIER = "com.Sports-AppTests";
				PRODUCT_NAME = "$(TARGET_NAME)";
				SWIFT_EMIT_LOC_STRINGS = NO;
				SWIFT_VERSION = 5.0;
				TARGETED_DEVICE_FAMILY = "1,2";
				TEST_HOST = "$(BUILT_PRODUCTS_DIR)/Sports App.app/$(BUNDLE_EXECUTABLE_FOLDER_PATH)/Sports App";
			};
			name = Release;
		};
		E1B25F832DD08A2500D1A034 /* Debug */ = {
			isa = XCBuildConfiguration;
			buildSettings = {
				ALWAYS_EMBED_SWIFT_STANDARD_LIBRARIES = YES;
				CODE_SIGN_STYLE = Automatic;
				CURRENT_PROJECT_VERSION = 1;
				GENERATE_INFOPLIST_FILE = YES;
				MARKETING_VERSION = 1.0;
				PRODUCT_BUNDLE_IDENTIFIER = "com.Sports-AppUITests";
				PRODUCT_NAME = "$(TARGET_NAME)";
				SWIFT_EMIT_LOC_STRINGS = NO;
				SWIFT_VERSION = 5.0;
				TARGETED_DEVICE_FAMILY = "1,2";
				TEST_TARGET_NAME = "Sports App";
			};
			name = Debug;
		};
		E1B25F842DD08A2500D1A034 /* Release */ = {
			isa = XCBuildConfiguration;
			buildSettings = {
				ALWAYS_EMBED_SWIFT_STANDARD_LIBRARIES = YES;
				CODE_SIGN_STYLE = Automatic;
				CURRENT_PROJECT_VERSION = 1;
				GENERATE_INFOPLIST_FILE = YES;
				MARKETING_VERSION = 1.0;
				PRODUCT_BUNDLE_IDENTIFIER = "com.Sports-AppUITests";
				PRODUCT_NAME = "$(TARGET_NAME)";
				SWIFT_EMIT_LOC_STRINGS = NO;
				SWIFT_VERSION = 5.0;
				TARGETED_DEVICE_FAMILY = "1,2";
				TEST_TARGET_NAME = "Sports App";
			};
			name = Release;
		};
/* End XCBuildConfiguration section */

/* Begin XCConfigurationList section */
		E1B25F4A2DD08A2300D1A034 /* Build configuration list for PBXProject "Sports App" */ = {
			isa = XCConfigurationList;
			buildConfigurations = (
				E1B25F7A2DD08A2500D1A034 /* Debug */,
				E1B25F7B2DD08A2500D1A034 /* Release */,
			);
			defaultConfigurationIsVisible = 0;
			defaultConfigurationName = Release;
		};
		E1B25F7C2DD08A2500D1A034 /* Build configuration list for PBXNativeTarget "Sports App" */ = {
			isa = XCConfigurationList;
			buildConfigurations = (
				E1B25F7D2DD08A2500D1A034 /* Debug */,
				E1B25F7E2DD08A2500D1A034 /* Release */,
			);
			defaultConfigurationIsVisible = 0;
			defaultConfigurationName = Release;
		};
		E1B25F7F2DD08A2500D1A034 /* Build configuration list for PBXNativeTarget "Sports AppTests" */ = {
			isa = XCConfigurationList;
			buildConfigurations = (
				E1B25F802DD08A2500D1A034 /* Debug */,
				E1B25F812DD08A2500D1A034 /* Release */,
			);
			defaultConfigurationIsVisible = 0;
			defaultConfigurationName = Release;
		};
		E1B25F822DD08A2500D1A034 /* Build configuration list for PBXNativeTarget "Sports AppUITests" */ = {
			isa = XCConfigurationList;
			buildConfigurations = (
				E1B25F832DD08A2500D1A034 /* Debug */,
				E1B25F842DD08A2500D1A034 /* Release */,
			);
			defaultConfigurationIsVisible = 0;
			defaultConfigurationName = Release;
		};
/* End XCConfigurationList section */

/* Begin XCRemoteSwiftPackageReference section */
		E168A32F2DD12369009C0658 /* XCRemoteSwiftPackageReference "lottie-ios" */ = {
			isa = XCRemoteSwiftPackageReference;
			repositoryURL = "https://github.com/airbnb/lottie-ios.git";
			requirement = {
				kind = versionRange;
				maximumVersion = 5.0.0;
				minimumVersion = 4.0.0;
			};
		};
		E18CEABD2DD1417C00828D49 /* XCRemoteSwiftPackageReference "Alamofire" */ = {
			isa = XCRemoteSwiftPackageReference;
			repositoryURL = "https://github.com/Alamofire/Alamofire.git";
			requirement = {
				kind = exactVersion;
				version = 5.6.4;
			};
		};
/* End XCRemoteSwiftPackageReference section */

/* Begin XCSwiftPackageProductDependency section */
		E168A3302DD12369009C0658 /* Lottie */ = {
			isa = XCSwiftPackageProductDependency;
			package = E168A32F2DD12369009C0658 /* XCRemoteSwiftPackageReference "lottie-ios" */;
			productName = Lottie;
		};
		E18CEABE2DD1417C00828D49 /* Alamofire */ = {
			isa = XCSwiftPackageProductDependency;
			package = E18CEABD2DD1417C00828D49 /* XCRemoteSwiftPackageReference "Alamofire" */;
			productName = Alamofire;
		};
/* End XCSwiftPackageProductDependency section */

/* Begin XCVersionGroup section */
		E1B25F5B2DD08A2300D1A034 /* Sports_App.xcdatamodeld */ = {
			isa = XCVersionGroup;
			children = (
				E1B25F5C2DD08A2300D1A034 /* Sports_App.xcdatamodel */,
			);
			currentVersion = E1B25F5C2DD08A2300D1A034 /* Sports_App.xcdatamodel */;
			path = Sports_App.xcdatamodeld;
			sourceTree = "<group>";
			versionGroupType = wrapper.xcdatamodel;
		};
/* End XCVersionGroup section */
	};
	rootObject = E1B25F472DD08A2300D1A034 /* Project object */;
}
