// !$*UTF8*$!
{
	archiveVersion = 1;
	classes = {
	};
	objectVersion = 56;
	objects = {

/* Begin PBXBuildFile section */
		451B91692DD3728100AE40F9 /* SportsLeagues.storyboard in Resources */ = {isa = PBXBuildFile; fileRef = 451B91662DD3728100AE40F9 /* SportsLeagues.storyboard */; };
		451B916A2DD3728100AE40F9 /* LeaguesPresenter.swift in Sources */ = {isa = PBXBuildFile; fileRef = 451B91612DD3728100AE40F9 /* LeaguesPresenter.swift */; };
		451B916B2DD3728100AE40F9 /* LeaguesView.swift in Sources */ = {isa = PBXBuildFile; fileRef = 451B91632DD3728100AE40F9 /* LeaguesView.swift */; };
		451B916C2DD3728100AE40F9 /* LeagueTableViewController.swift in Sources */ = {isa = PBXBuildFile; fileRef = 451B91652DD3728100AE40F9 /* LeagueTableViewController.swift */; };
		451B916D2DD3728100AE40F9 /* LeagueTableViewCell.swift in Sources */ = {isa = PBXBuildFile; fileRef = 451B91642DD3728100AE40F9 /* LeagueTableViewCell.swift */; };
		451B91742DD372C600AE40F9 /* Responses.swift in Sources */ = {isa = PBXBuildFile; fileRef = 451B916F2DD372C600AE40F9 /* Responses.swift */; };
		451B91752DD372C600AE40F9 /* SportsAPIService.swift in Sources */ = {isa = PBXBuildFile; fileRef = 451B91712DD372C600AE40F9 /* SportsAPIService.swift */; };
		451B91762DD372C600AE40F9 /* Entities.swift in Sources */ = {isa = PBXBuildFile; fileRef = 451B916E2DD372C600AE40F9 /* Entities.swift */; };
		451B923C2DD3AA2000AE40F9 /* TeamDetails.storyboard in Resources */ = {isa = PBXBuildFile; fileRef = 451B923B2DD3AA2000AE40F9 /* TeamDetails.storyboard */; };
		451B92B92DD3B71F00AE40F9 /* TeamDetailsCollectionViewController.swift in Sources */ = {isa = PBXBuildFile; fileRef = 451B92B82DD3B71F00AE40F9 /* TeamDetailsCollectionViewController.swift */; };
		451B92BB2DD3B73500AE40F9 /* TeamDetailsCollectionViewCell.swift in Sources */ = {isa = PBXBuildFile; fileRef = 451B92BA2DD3B73500AE40F9 /* TeamDetailsCollectionViewCell.swift */; };
		451B92BD2DD3B74700AE40F9 /* PlayerDetailsCollectionViewCell.swift in Sources */ = {isa = PBXBuildFile; fileRef = 451B92BC2DD3B74700AE40F9 /* PlayerDetailsCollectionViewCell.swift */; };
		451B92D32DD3D25600AE40F9 /* TeamDetailsPresenter.swift in Sources */ = {isa = PBXBuildFile; fileRef = 451B92D22DD3D25600AE40F9 /* TeamDetailsPresenter.swift */; };
		451B92D52DD3D27C00AE40F9 /* TeamDetailsView.swift in Sources */ = {isa = PBXBuildFile; fileRef = 451B92D42DD3D27C00AE40F9 /* TeamDetailsView.swift */; };
		451B92FA2DD3DB3E00AE40F9 /* SportsRepository.swift in Sources */ = {isa = PBXBuildFile; fileRef = 451B92F92DD3DB3E00AE40F9 /* SportsRepository.swift */; };
		456B20F02DDB98400040E22E /* SportsCollectionViewController.swift in Sources */ = {isa = PBXBuildFile; fileRef = 456B20EF2DDB98400040E22E /* SportsCollectionViewController.swift */; };
		456B21082DDBBF300040E22E /* SportsHeaderCollectionReusableView.swift in Sources */ = {isa = PBXBuildFile; fileRef = 456B21072DDBBF300040E22E /* SportsHeaderCollectionReusableView.swift */; };
		458EAE2A2DDA0B4B000A4E9D /* SportsAPIServiceTest.swift in Sources */ = {isa = PBXBuildFile; fileRef = 458EAE292DDA0B4B000A4E9D /* SportsAPIServiceTest.swift */; };
		45D8858B2DD504D3004B760C /* FavoriteScreenTableViewController.swift in Sources */ = {isa = PBXBuildFile; fileRef = 45D885882DD504D3004B760C /* FavoriteScreenTableViewController.swift */; };
		45D8858D2DD5BEDD004B760C /* FavoriteLeagueTableViewCell.swift in Sources */ = {isa = PBXBuildFile; fileRef = 45D8858C2DD5BEDD004B760C /* FavoriteLeagueTableViewCell.swift */; };
		45DE4FC12DD6110800C9BA47 /* FavoriteView.swift in Sources */ = {isa = PBXBuildFile; fileRef = 45DE4FC02DD6110800C9BA47 /* FavoriteView.swift */; };
		45DE4FC32DD6129A00C9BA47 /* FavoritePresenter.swift in Sources */ = {isa = PBXBuildFile; fileRef = 45DE4FC22DD6129A00C9BA47 /* FavoritePresenter.swift */; };
		45DE4FC52DD6157800C9BA47 /* LeaguesLocalDataSource.swift in Sources */ = {isa = PBXBuildFile; fileRef = 45DE4FC42DD6157800C9BA47 /* LeaguesLocalDataSource.swift */; };
		45E681322DD0F158006CB382 /* SportsCellTableViewCell.swift in Sources */ = {isa = PBXBuildFile; fileRef = 45E6812E2DD0F158006CB382 /* SportsCellTableViewCell.swift */; };
		45E681332DD0F158006CB382 /* Sport.swift in Sources */ = {isa = PBXBuildFile; fileRef = 45E6812D2DD0F158006CB382 /* Sport.swift */; };
		E1270ACC2DDA0A4B00522780 /* NetworkMonitor.swift in Sources */ = {isa = PBXBuildFile; fileRef = E1270ACB2DDA0A4B00522780 /* NetworkMonitor.swift */; };
		E156AC7E2DD61F1D00D9405C /* LeagueCollectionViewController.swift in Sources */ = {isa = PBXBuildFile; fileRef = E156AC7D2DD61F1D00D9405C /* LeagueCollectionViewController.swift */; };
		E162808D2DD4F389003F04A6 /* leagues_details in Resources */ = {isa = PBXBuildFile; fileRef = E162808C2DD4F389003F04A6 /* leagues_details */; };
		E16280912DD4F3B5003F04A6 /* UpcomingEventsCell.swift in Sources */ = {isa = PBXBuildFile; fileRef = E16280902DD4F3B5003F04A6 /* UpcomingEventsCell.swift */; };
		E16280962DD4F3F7003F04A6 /* LatestEventsCell.swift in Sources */ = {isa = PBXBuildFile; fileRef = E16280952DD4F3F7003F04A6 /* LatestEventsCell.swift */; };
		E16280982DD4F406003F04A6 /* TeamsCell.swift in Sources */ = {isa = PBXBuildFile; fileRef = E16280972DD4F406003F04A6 /* TeamsCell.swift */; };
		E167C3AA2DD4796000E6CAB2 /* LeagueDetails.storyboard in Resources */ = {isa = PBXBuildFile; fileRef = E167C3A92DD4796000E6CAB2 /* LeagueDetails.storyboard */; };
		E1715BC92DD2B386006A51D8 /* SplashViewController.swift in Sources */ = {isa = PBXBuildFile; fileRef = E1715BBE2DD2B386006A51D8 /* SplashViewController.swift */; };
		E1715BCB2DD2B386006A51D8 /* lottie.json in Resources */ = {isa = PBXBuildFile; fileRef = E1715BC12DD2B386006A51D8 /* lottie.json */; };
		E1A7724B2DD62A7500A2FD90 /* CustomCollectionViewLayout.swift in Sources */ = {isa = PBXBuildFile; fileRef = E1A7724A2DD62A7500A2FD90 /* CustomCollectionViewLayout.swift */; };
		E1B25F532DD08A2300D1A034 /* AppDelegate.swift in Sources */ = {isa = PBXBuildFile; fileRef = E1B25F522DD08A2300D1A034 /* AppDelegate.swift */; };
		E1B25F552DD08A2300D1A034 /* SceneDelegate.swift in Sources */ = {isa = PBXBuildFile; fileRef = E1B25F542DD08A2300D1A034 /* SceneDelegate.swift */; };
		E1B25F5A2DD08A2300D1A034 /* Main.storyboard in Resources */ = {isa = PBXBuildFile; fileRef = E1B25F582DD08A2300D1A034 /* Main.storyboard */; };
		E1B25F5D2DD08A2300D1A034 /* Sports_App.xcdatamodeld in Sources */ = {isa = PBXBuildFile; fileRef = E1B25F5B2DD08A2300D1A034 /* Sports_App.xcdatamodeld */; };
		E1B25F5F2DD08A2400D1A034 /* Assets.xcassets in Resources */ = {isa = PBXBuildFile; fileRef = E1B25F5E2DD08A2400D1A034 /* Assets.xcassets */; };
		E1B25F622DD08A2400D1A034 /* LaunchScreen.storyboard in Resources */ = {isa = PBXBuildFile; fileRef = E1B25F602DD08A2400D1A034 /* LaunchScreen.storyboard */; };
		E1B25F6D2DD08A2500D1A034 /* Sports_AppTests.swift in Sources */ = {isa = PBXBuildFile; fileRef = E1B25F6C2DD08A2500D1A034 /* Sports_AppTests.swift */; };
		E1B25F772DD08A2500D1A034 /* Sports_AppUITests.swift in Sources */ = {isa = PBXBuildFile; fileRef = E1B25F762DD08A2500D1A034 /* Sports_AppUITests.swift */; };
		E1B25F792DD08A2500D1A034 /* Sports_AppUITestsLaunchTests.swift in Sources */ = {isa = PBXBuildFile; fileRef = E1B25F782DD08A2500D1A034 /* Sports_AppUITestsLaunchTests.swift */; };
		E1BAB9982DDBAE8A007DE3F4 /* Kingfisher in Frameworks */ = {isa = PBXBuildFile; productRef = E1BAB9972DDBAE8A007DE3F4 /* Kingfisher */; };
		E1BAB99A2DDBAE9D007DE3F4 /* Lottie in Frameworks */ = {isa = PBXBuildFile; productRef = E1BAB9992DDBAE9D007DE3F4 /* Lottie */; };
		E1BAB99C2DDBAEA0007DE3F4 /* Alamofire in Frameworks */ = {isa = PBXBuildFile; productRef = E1BAB99B2DDBAEA0007DE3F4 /* Alamofire */; };
		E1BAB99E2DDBAEA7007DE3F4 /* SkeletonView in Frameworks */ = {isa = PBXBuildFile; productRef = E1BAB99D2DDBAEA7007DE3F4 /* SkeletonView */; };
		E1C020582DD71941000EF118 /* LeagueDetailsView.swift in Sources */ = {isa = PBXBuildFile; fileRef = E1C020572DD71941000EF118 /* LeagueDetailsView.swift */; };
		E1C0205A2DD71A57000EF118 /* LeagueDetailsPresenter.swift in Sources */ = {isa = PBXBuildFile; fileRef = E1C020592DD71A57000EF118 /* LeagueDetailsPresenter.swift */; };
/* End PBXBuildFile section */

/* Begin PBXContainerItemProxy section */
		E1B25F692DD08A2500D1A034 /* PBXContainerItemProxy */ = {
			isa = PBXContainerItemProxy;
			containerPortal = E1B25F472DD08A2300D1A034 /* Project object */;
			proxyType = 1;
			remoteGlobalIDString = E1B25F4E2DD08A2300D1A034;
			remoteInfo = "Sports App";
		};
		E1B25F732DD08A2500D1A034 /* PBXContainerItemProxy */ = {
			isa = PBXContainerItemProxy;
			containerPortal = E1B25F472DD08A2300D1A034 /* Project object */;
			proxyType = 1;
			remoteGlobalIDString = E1B25F4E2DD08A2300D1A034;
			remoteInfo = "Sports App";
		};
/* End PBXContainerItemProxy section */

/* Begin PBXFileReference section */
		451B91612DD3728100AE40F9 /* LeaguesPresenter.swift */ = {isa = PBXFileReference; lastKnownFileType = sourcecode.swift; path = LeaguesPresenter.swift; sourceTree = "<group>"; };
		451B91632DD3728100AE40F9 /* LeaguesView.swift */ = {isa = PBXFileReference; lastKnownFileType = sourcecode.swift; path = LeaguesView.swift; sourceTree = "<group>"; };
		451B91642DD3728100AE40F9 /* LeagueTableViewCell.swift */ = {isa = PBXFileReference; lastKnownFileType = sourcecode.swift; path = LeagueTableViewCell.swift; sourceTree = "<group>"; };
		451B91652DD3728100AE40F9 /* LeagueTableViewController.swift */ = {isa = PBXFileReference; lastKnownFileType = sourcecode.swift; path = LeagueTableViewController.swift; sourceTree = "<group>"; };
		451B91662DD3728100AE40F9 /* SportsLeagues.storyboard */ = {isa = PBXFileReference; lastKnownFileType = file.storyboard; path = SportsLeagues.storyboard; sourceTree = "<group>"; };
		451B916E2DD372C600AE40F9 /* Entities.swift */ = {isa = PBXFileReference; lastKnownFileType = sourcecode.swift; path = Entities.swift; sourceTree = "<group>"; };
		451B916F2DD372C600AE40F9 /* Responses.swift */ = {isa = PBXFileReference; lastKnownFileType = sourcecode.swift; path = Responses.swift; sourceTree = "<group>"; };
		451B91712DD372C600AE40F9 /* SportsAPIService.swift */ = {isa = PBXFileReference; lastKnownFileType = sourcecode.swift; path = SportsAPIService.swift; sourceTree = "<group>"; };
		451B923B2DD3AA2000AE40F9 /* TeamDetails.storyboard */ = {isa = PBXFileReference; lastKnownFileType = file.storyboard; path = TeamDetails.storyboard; sourceTree = "<group>"; };
		451B92B82DD3B71F00AE40F9 /* TeamDetailsCollectionViewController.swift */ = {isa = PBXFileReference; lastKnownFileType = sourcecode.swift; path = TeamDetailsCollectionViewController.swift; sourceTree = "<group>"; };
		451B92BA2DD3B73500AE40F9 /* TeamDetailsCollectionViewCell.swift */ = {isa = PBXFileReference; lastKnownFileType = sourcecode.swift; path = TeamDetailsCollectionViewCell.swift; sourceTree = "<group>"; };
		451B92BC2DD3B74700AE40F9 /* PlayerDetailsCollectionViewCell.swift */ = {isa = PBXFileReference; lastKnownFileType = sourcecode.swift; path = PlayerDetailsCollectionViewCell.swift; sourceTree = "<group>"; };
		451B92D22DD3D25600AE40F9 /* TeamDetailsPresenter.swift */ = {isa = PBXFileReference; lastKnownFileType = sourcecode.swift; path = TeamDetailsPresenter.swift; sourceTree = "<group>"; };
		451B92D42DD3D27C00AE40F9 /* TeamDetailsView.swift */ = {isa = PBXFileReference; lastKnownFileType = sourcecode.swift; path = TeamDetailsView.swift; sourceTree = "<group>"; };
		451B92F92DD3DB3E00AE40F9 /* SportsRepository.swift */ = {isa = PBXFileReference; lastKnownFileType = sourcecode.swift; path = SportsRepository.swift; sourceTree = "<group>"; };
		456B20EF2DDB98400040E22E /* SportsCollectionViewController.swift */ = {isa = PBXFileReference; lastKnownFileType = sourcecode.swift; path = SportsCollectionViewController.swift; sourceTree = "<group>"; };
		456B21072DDBBF300040E22E /* SportsHeaderCollectionReusableView.swift */ = {isa = PBXFileReference; lastKnownFileType = sourcecode.swift; path = SportsHeaderCollectionReusableView.swift; sourceTree = "<group>"; };
		458EAE292DDA0B4B000A4E9D /* SportsAPIServiceTest.swift */ = {isa = PBXFileReference; lastKnownFileType = sourcecode.swift; path = SportsAPIServiceTest.swift; sourceTree = "<group>"; };
		45D885882DD504D3004B760C /* FavoriteScreenTableViewController.swift */ = {isa = PBXFileReference; lastKnownFileType = sourcecode.swift; path = FavoriteScreenTableViewController.swift; sourceTree = "<group>"; };
		45D8858C2DD5BEDD004B760C /* FavoriteLeagueTableViewCell.swift */ = {isa = PBXFileReference; lastKnownFileType = sourcecode.swift; path = FavoriteLeagueTableViewCell.swift; sourceTree = "<group>"; };
		45DE4FC02DD6110800C9BA47 /* FavoriteView.swift */ = {isa = PBXFileReference; lastKnownFileType = sourcecode.swift; path = FavoriteView.swift; sourceTree = "<group>"; };
		45DE4FC22DD6129A00C9BA47 /* FavoritePresenter.swift */ = {isa = PBXFileReference; lastKnownFileType = sourcecode.swift; path = FavoritePresenter.swift; sourceTree = "<group>"; };
		45DE4FC42DD6157800C9BA47 /* LeaguesLocalDataSource.swift */ = {isa = PBXFileReference; lastKnownFileType = sourcecode.swift; path = LeaguesLocalDataSource.swift; sourceTree = "<group>"; };
		45E6812D2DD0F158006CB382 /* Sport.swift */ = {isa = PBXFileReference; lastKnownFileType = sourcecode.swift; path = Sport.swift; sourceTree = "<group>"; };
		45E6812E2DD0F158006CB382 /* SportsCellTableViewCell.swift */ = {isa = PBXFileReference; lastKnownFileType = sourcecode.swift; path = SportsCellTableViewCell.swift; sourceTree = "<group>"; };
		E1270ACB2DDA0A4B00522780 /* NetworkMonitor.swift */ = {isa = PBXFileReference; lastKnownFileType = sourcecode.swift; path = NetworkMonitor.swift; sourceTree = "<group>"; };
		E156AC7D2DD61F1D00D9405C /* LeagueCollectionViewController.swift */ = {isa = PBXFileReference; lastKnownFileType = sourcecode.swift; path = LeagueCollectionViewController.swift; sourceTree = "<group>"; };
		E162808C2DD4F389003F04A6 /* leagues_details */ = {isa = PBXFileReference; lastKnownFileType = folder; path = leagues_details; sourceTree = "<group>"; };
		E16280902DD4F3B5003F04A6 /* UpcomingEventsCell.swift */ = {isa = PBXFileReference; fileEncoding = 4; lastKnownFileType = sourcecode.swift; path = UpcomingEventsCell.swift; sourceTree = "<group>"; };
		E16280952DD4F3F7003F04A6 /* LatestEventsCell.swift */ = {isa = PBXFileReference; lastKnownFileType = sourcecode.swift; path = LatestEventsCell.swift; sourceTree = "<group>"; };
		E16280972DD4F406003F04A6 /* TeamsCell.swift */ = {isa = PBXFileReference; lastKnownFileType = sourcecode.swift; path = TeamsCell.swift; sourceTree = "<group>"; };
		E167C3A92DD4796000E6CAB2 /* LeagueDetails.storyboard */ = {isa = PBXFileReference; lastKnownFileType = file.storyboard; name = LeagueDetails.storyboard; path = "Sports App/model/data_source/entities/LeagueDetails.storyboard"; sourceTree = SOURCE_ROOT; };
		E1715BBE2DD2B386006A51D8 /* SplashViewController.swift */ = {isa = PBXFileReference; fileEncoding = 4; lastKnownFileType = sourcecode.swift; path = SplashViewController.swift; sourceTree = "<group>"; };
		E1715BC12DD2B386006A51D8 /* lottie.json */ = {isa = PBXFileReference; fileEncoding = 4; lastKnownFileType = text.json; path = lottie.json; sourceTree = "<group>"; };
		E1A7724A2DD62A7500A2FD90 /* CustomCollectionViewLayout.swift */ = {isa = PBXFileReference; lastKnownFileType = sourcecode.swift; path = CustomCollectionViewLayout.swift; sourceTree = "<group>"; };
		E1B25F4F2DD08A2300D1A034 /* Sports App.app */ = {isa = PBXFileReference; explicitFileType = wrapper.application; includeInIndex = 0; path = "Sports App.app"; sourceTree = BUILT_PRODUCTS_DIR; };
		E1B25F522DD08A2300D1A034 /* AppDelegate.swift */ = {isa = PBXFileReference; lastKnownFileType = sourcecode.swift; path = AppDelegate.swift; sourceTree = "<group>"; };
		E1B25F542DD08A2300D1A034 /* SceneDelegate.swift */ = {isa = PBXFileReference; lastKnownFileType = sourcecode.swift; path = SceneDelegate.swift; sourceTree = "<group>"; };
		E1B25F592DD08A2300D1A034 /* Base */ = {isa = PBXFileReference; lastKnownFileType = file.storyboard; name = Base; path = Base.lproj/Main.storyboard; sourceTree = "<group>"; };
		E1B25F5C2DD08A2300D1A034 /* Sports_App.xcdatamodel */ = {isa = PBXFileReference; lastKnownFileType = wrapper.xcdatamodel; path = Sports_App.xcdatamodel; sourceTree = "<group>"; };
		E1B25F5E2DD08A2400D1A034 /* Assets.xcassets */ = {isa = PBXFileReference; lastKnownFileType = folder.assetcatalog; path = Assets.xcassets; sourceTree = "<group>"; };
		E1B25F612DD08A2400D1A034 /* Base */ = {isa = PBXFileReference; lastKnownFileType = file.storyboard; name = Base; path = Base.lproj/LaunchScreen.storyboard; sourceTree = "<group>"; };
		E1B25F632DD08A2400D1A034 /* Info.plist */ = {isa = PBXFileReference; lastKnownFileType = text.plist.xml; path = Info.plist; sourceTree = "<group>"; };
		E1B25F682DD08A2500D1A034 /* Sports AppTests.xctest */ = {isa = PBXFileReference; explicitFileType = wrapper.cfbundle; includeInIndex = 0; path = "Sports AppTests.xctest"; sourceTree = BUILT_PRODUCTS_DIR; };
		E1B25F6C2DD08A2500D1A034 /* Sports_AppTests.swift */ = {isa = PBXFileReference; lastKnownFileType = sourcecode.swift; path = Sports_AppTests.swift; sourceTree = "<group>"; };
		E1B25F722DD08A2500D1A034 /* Sports AppUITests.xctest */ = {isa = PBXFileReference; explicitFileType = wrapper.cfbundle; includeInIndex = 0; path = "Sports AppUITests.xctest"; sourceTree = BUILT_PRODUCTS_DIR; };
		E1B25F762DD08A2500D1A034 /* Sports_AppUITests.swift */ = {isa = PBXFileReference; lastKnownFileType = sourcecode.swift; path = Sports_AppUITests.swift; sourceTree = "<group>"; };
		E1B25F782DD08A2500D1A034 /* Sports_AppUITestsLaunchTests.swift */ = {isa = PBXFileReference; lastKnownFileType = sourcecode.swift; path = Sports_AppUITestsLaunchTests.swift; sourceTree = "<group>"; };
		E1C020572DD71941000EF118 /* LeagueDetailsView.swift */ = {isa = PBXFileReference; lastKnownFileType = sourcecode.swift; path = LeagueDetailsView.swift; sourceTree = "<group>"; };
		E1C020592DD71A57000EF118 /* LeagueDetailsPresenter.swift */ = {isa = PBXFileReference; lastKnownFileType = sourcecode.swift; path = LeagueDetailsPresenter.swift; sourceTree = "<group>"; };
/* End PBXFileReference section */

/* Begin PBXFrameworksBuildPhase section */
		E1B25F4C2DD08A2300D1A034 /* Frameworks */ = {
			isa = PBXFrameworksBuildPhase;
			buildActionMask = 2147483647;
			files = (
				E1BAB99E2DDBAEA7007DE3F4 /* SkeletonView in Frameworks */,
				E1BAB99C2DDBAEA0007DE3F4 /* Alamofire in Frameworks */,
				E1BAB9982DDBAE8A007DE3F4 /* Kingfisher in Frameworks */,
				E1BAB99A2DDBAE9D007DE3F4 /* Lottie in Frameworks */,
			);
			runOnlyForDeploymentPostprocessing = 0;
		};
		E1B25F652DD08A2500D1A034 /* Frameworks */ = {
			isa = PBXFrameworksBuildPhase;
			buildActionMask = 2147483647;
			files = (
			);
			runOnlyForDeploymentPostprocessing = 0;
		};
		E1B25F6F2DD08A2500D1A034 /* Frameworks */ = {
			isa = PBXFrameworksBuildPhase;
			buildActionMask = 2147483647;
			files = (
			);
			runOnlyForDeploymentPostprocessing = 0;
		};
/* End PBXFrameworksBuildPhase section */

/* Begin PBXGroup section */
		451B91602DD3728100AE40F9 /* model */ = {
			isa = PBXGroup;
			children = (
				451B91732DD372C600AE40F9 /* data_source */,
			);
			path = model;
			sourceTree = "<group>";
		};
		451B91622DD3728100AE40F9 /* presenter */ = {
			isa = PBXGroup;
			children = (
				451B91612DD3728100AE40F9 /* LeaguesPresenter.swift */,
			);
			path = presenter;
			sourceTree = "<group>";
		};
		451B91672DD3728100AE40F9 /* view */ = {
			isa = PBXGroup;
			children = (
				451B91632DD3728100AE40F9 /* LeaguesView.swift */,
				451B91642DD3728100AE40F9 /* LeagueTableViewCell.swift */,
				451B91652DD3728100AE40F9 /* LeagueTableViewController.swift */,
				451B91662DD3728100AE40F9 /* SportsLeagues.storyboard */,
			);
			path = view;
			sourceTree = "<group>";
		};
		451B91682DD3728100AE40F9 /* sports_leagues */ = {
			isa = PBXGroup;
			children = (
				451B91622DD3728100AE40F9 /* presenter */,
				451B91672DD3728100AE40F9 /* view */,
			);
			path = sports_leagues;
			sourceTree = "<group>";
		};
		451B91702DD372C600AE40F9 /* entities */ = {
			isa = PBXGroup;
			children = (
				451B916E2DD372C600AE40F9 /* Entities.swift */,
				451B916F2DD372C600AE40F9 /* Responses.swift */,
			);
			path = entities;
			sourceTree = "<group>";
		};
		451B91722DD372C600AE40F9 /* remote */ = {
			isa = PBXGroup;
			children = (
				451B91712DD372C600AE40F9 /* SportsAPIService.swift */,
			);
			path = remote;
			sourceTree = "<group>";
		};
		451B91732DD372C600AE40F9 /* data_source */ = {
			isa = PBXGroup;
			children = (
				451B91852DD374E700AE40F9 /* local */,
				451B91702DD372C600AE40F9 /* entities */,
				451B91722DD372C600AE40F9 /* remote */,
				451B92F92DD3DB3E00AE40F9 /* SportsRepository.swift */,
			);
			path = data_source;
			sourceTree = "<group>";
		};
		451B91772DD3734C00AE40F9 /* view */ = {
			isa = PBXGroup;
			children = (
				45E6812D2DD0F158006CB382 /* Sport.swift */,
				45E6812E2DD0F158006CB382 /* SportsCellTableViewCell.swift */,
				E1B25F582DD08A2300D1A034 /* Main.storyboard */,
				456B20EF2DDB98400040E22E /* SportsCollectionViewController.swift */,
				456B21072DDBBF300040E22E /* SportsHeaderCollectionReusableView.swift */,
			);
			path = view;
			sourceTree = "<group>";
		};
		451B91782DD3741F00AE40F9 /* leagues_details */ = {
			isa = PBXGroup;
			children = (
				E16280942DD4F3DA003F04A6 /* presenter */,
				451B91812DD3749800AE40F9 /* view */,
			);
			path = leagues_details;
			sourceTree = "<group>";
		};
		451B917A2DD3746B00AE40F9 /* presenter */ = {
			isa = PBXGroup;
			children = (
				451B92D22DD3D25600AE40F9 /* TeamDetailsPresenter.swift */,
			);
			path = presenter;
			sourceTree = "<group>";
		};
		451B917B2DD3746B00AE40F9 /* view */ = {
			isa = PBXGroup;
			children = (
				451B923B2DD3AA2000AE40F9 /* TeamDetails.storyboard */,
				451B92B82DD3B71F00AE40F9 /* TeamDetailsCollectionViewController.swift */,
				451B92BA2DD3B73500AE40F9 /* TeamDetailsCollectionViewCell.swift */,
				451B92BC2DD3B74700AE40F9 /* PlayerDetailsCollectionViewCell.swift */,
				451B92D42DD3D27C00AE40F9 /* TeamDetailsView.swift */,
			);
			path = view;
			sourceTree = "<group>";
		};
		451B917C2DD3746B00AE40F9 /* team_details */ = {
			isa = PBXGroup;
			children = (
				451B917A2DD3746B00AE40F9 /* presenter */,
				451B917B2DD3746B00AE40F9 /* view */,
			);
			path = team_details;
			sourceTree = "<group>";
		};
		451B917D2DD3748800AE40F9 /* favorite_scree */ = {
			isa = PBXGroup;
			children = (
				451B917E2DD3749500AE40F9 /* presenter */,
				451B917F2DD3749500AE40F9 /* view */,
			);
			path = favorite_scree;
			sourceTree = "<group>";
		};
		451B917E2DD3749500AE40F9 /* presenter */ = {
			isa = PBXGroup;
			children = (
				45DE4FC22DD6129A00C9BA47 /* FavoritePresenter.swift */,
			);
			path = presenter;
			sourceTree = "<group>";
		};
		451B917F2DD3749500AE40F9 /* view */ = {
			isa = PBXGroup;
			children = (
				45D8858C2DD5BEDD004B760C /* FavoriteLeagueTableViewCell.swift */,
				45D885882DD504D3004B760C /* FavoriteScreenTableViewController.swift */,
				45DE4FC02DD6110800C9BA47 /* FavoriteView.swift */,
			);
			path = view;
			sourceTree = "<group>";
		};
		451B91812DD3749800AE40F9 /* view */ = {
			isa = PBXGroup;
			children = (
				E167C3A92DD4796000E6CAB2 /* LeagueDetails.storyboard */,
				E1C020572DD71941000EF118 /* LeagueDetailsView.swift */,
				E16280902DD4F3B5003F04A6 /* UpcomingEventsCell.swift */,
				E16280952DD4F3F7003F04A6 /* LatestEventsCell.swift */,
				E16280972DD4F406003F04A6 /* TeamsCell.swift */,
				E156AC7D2DD61F1D00D9405C /* LeagueCollectionViewController.swift */,
				E1A7724A2DD62A7500A2FD90 /* CustomCollectionViewLayout.swift */,
			);
			path = view;
			sourceTree = "<group>";
		};
		451B91832DD3749D00AE40F9 /* view */ = {
			isa = PBXGroup;
			children = (
				E1715BBE2DD2B386006A51D8 /* SplashViewController.swift */,
				E1715BC12DD2B386006A51D8 /* lottie.json */,
			);
			path = view;
			sourceTree = "<group>";
		};
		451B91842DD374AB00AE40F9 /* app */ = {
			isa = PBXGroup;
			children = (
				E1B25F522DD08A2300D1A034 /* AppDelegate.swift */,
				E1B25F542DD08A2300D1A034 /* SceneDelegate.swift */,
			);
			path = app;
			sourceTree = "<group>";
		};
		451B91852DD374E700AE40F9 /* local */ = {
			isa = PBXGroup;
			children = (
				45DE4FC42DD6157800C9BA47 /* LeaguesLocalDataSource.swift */,
				E1B25F5B2DD08A2300D1A034 /* Sports_App.xcdatamodeld */,
			);
			path = local;
			sourceTree = "<group>";
		};
		45E681302DD0F158006CB382 /* main_screen */ = {
			isa = PBXGroup;
			children = (
				451B91772DD3734C00AE40F9 /* view */,
			);
			path = main_screen;
			sourceTree = "<group>";
		};
		E1270ACA2DDA0A3600522780 /* utills */ = {
			isa = PBXGroup;
			children = (
				E1270ACB2DDA0A4B00522780 /* NetworkMonitor.swift */,
			);
			path = utills;
			sourceTree = "<group>";
		};
		E16280942DD4F3DA003F04A6 /* presenter */ = {
			isa = PBXGroup;
			children = (
				E1C020592DD71A57000EF118 /* LeagueDetailsPresenter.swift */,
			);
			path = presenter;
			sourceTree = "<group>";
		};
		E1715BBD2DD2B386006A51D8 /* splashScreen */ = {
			isa = PBXGroup;
			children = (
				451B91832DD3749D00AE40F9 /* view */,
			);
			path = splashScreen;
			sourceTree = "<group>";
		};
		E1B25F462DD08A2300D1A034 = {
			isa = PBXGroup;
			children = (
				E1B25F512DD08A2300D1A034 /* Sports App */,
				E1B25F6B2DD08A2500D1A034 /* Sports AppTests */,
				E1B25F752DD08A2500D1A034 /* Sports AppUITests */,
				E1B25F502DD08A2300D1A034 /* Products */,
				E1BAB9962DDBAE8A007DE3F4 /* Frameworks */,
			);
			sourceTree = "<group>";
		};
		E1B25F502DD08A2300D1A034 /* Products */ = {
			isa = PBXGroup;
			children = (
				E1B25F4F2DD08A2300D1A034 /* Sports App.app */,
				E1B25F682DD08A2500D1A034 /* Sports AppTests.xctest */,
				E1B25F722DD08A2500D1A034 /* Sports AppUITests.xctest */,
			);
			name = Products;
			sourceTree = "<group>";
		};
		E1B25F512DD08A2300D1A034 /* Sports App */ = {
			isa = PBXGroup;
			children = (
				E1270ACA2DDA0A3600522780 /* utills */,
				E162808C2DD4F389003F04A6 /* leagues_details */,
				451B91842DD374AB00AE40F9 /* app */,
				451B917D2DD3748800AE40F9 /* favorite_scree */,
				451B917C2DD3746B00AE40F9 /* team_details */,
				451B91782DD3741F00AE40F9 /* leagues_details */,
				451B91682DD3728100AE40F9 /* sports_leagues */,
				E1715BBD2DD2B386006A51D8 /* splashScreen */,
				45E681302DD0F158006CB382 /* main_screen */,
				E1B25F5E2DD08A2400D1A034 /* Assets.xcassets */,
				E1B25F602DD08A2400D1A034 /* LaunchScreen.storyboard */,
				E1B25F632DD08A2400D1A034 /* Info.plist */,
				451B91602DD3728100AE40F9 /* model */,
			);
			path = "Sports App";
			sourceTree = "<group>";
		};
		E1B25F6B2DD08A2500D1A034 /* Sports AppTests */ = {
			isa = PBXGroup;
			children = (
				E1B25F6C2DD08A2500D1A034 /* Sports_AppTests.swift */,
				458EAE292DDA0B4B000A4E9D /* SportsAPIServiceTest.swift */,
			);
			path = "Sports AppTests";
			sourceTree = "<group>";
		};
		E1B25F752DD08A2500D1A034 /* Sports AppUITests */ = {
			isa = PBXGroup;
			children = (
				E1B25F762DD08A2500D1A034 /* Sports_AppUITests.swift */,
				E1B25F782DD08A2500D1A034 /* Sports_AppUITestsLaunchTests.swift */,
			);
			path = "Sports AppUITests";
			sourceTree = "<group>";
		};
		E1BAB9962DDBAE8A007DE3F4 /* Frameworks */ = {
			isa = PBXGroup;
			children = (
			);
			name = Frameworks;
			sourceTree = "<group>";
		};
/* End PBXGroup section */

/* Begin PBXNativeTarget section */
		E1B25F4E2DD08A2300D1A034 /* Sports App */ = {
			isa = PBXNativeTarget;
			buildConfigurationList = E1B25F7C2DD08A2500D1A034 /* Build configuration list for PBXNativeTarget "Sports App" */;
			buildPhases = (
				E1B25F4B2DD08A2300D1A034 /* Sources */,
				E1B25F4C2DD08A2300D1A034 /* Frameworks */,
				E1B25F4D2DD08A2300D1A034 /* Resources */,
			);
			buildRules = (
			);
			dependencies = (
			);
			name = "Sports App";
			packageProductDependencies = (
				E1BAB9972DDBAE8A007DE3F4 /* Kingfisher */,
				E1BAB9992DDBAE9D007DE3F4 /* Lottie */,
				E1BAB99B2DDBAEA0007DE3F4 /* Alamofire */,
				E1BAB99D2DDBAEA7007DE3F4 /* SkeletonView */,
			);
			productName = "Sports App";
			productReference = E1B25F4F2DD08A2300D1A034 /* Sports App.app */;
			productType = "com.apple.product-type.application";
		};
		E1B25F672DD08A2500D1A034 /* Sports AppTests */ = {
			isa = PBXNativeTarget;
			buildConfigurationList = E1B25F7F2DD08A2500D1A034 /* Build configuration list for PBXNativeTarget "Sports AppTests" */;
			buildPhases = (
				E1B25F642DD08A2500D1A034 /* Sources */,
				E1B25F652DD08A2500D1A034 /* Frameworks */,
				E1B25F662DD08A2500D1A034 /* Resources */,
			);
			buildRules = (
			);
			dependencies = (
				E1B25F6A2DD08A2500D1A034 /* PBXTargetDependency */,
			);
			name = "Sports AppTests";
			productName = "Sports AppTests";
			productReference = E1B25F682DD08A2500D1A034 /* Sports AppTests.xctest */;
			productType = "com.apple.product-type.bundle.unit-test";
		};
		E1B25F712DD08A2500D1A034 /* Sports AppUITests */ = {
			isa = PBXNativeTarget;
			buildConfigurationList = E1B25F822DD08A2500D1A034 /* Build configuration list for PBXNativeTarget "Sports AppUITests" */;
			buildPhases = (
				E1B25F6E2DD08A2500D1A034 /* Sources */,
				E1B25F6F2DD08A2500D1A034 /* Frameworks */,
				E1B25F702DD08A2500D1A034 /* Resources */,
			);
			buildRules = (
			);
			dependencies = (
				E1B25F742DD08A2500D1A034 /* PBXTargetDependency */,
			);
			name = "Sports AppUITests";
			productName = "Sports AppUITests";
			productReference = E1B25F722DD08A2500D1A034 /* Sports AppUITests.xctest */;
			productType = "com.apple.product-type.bundle.ui-testing";
		};
/* End PBXNativeTarget section */

/* Begin PBXProject section */
		E1B25F472DD08A2300D1A034 /* Project object */ = {
			isa = PBXProject;
			attributes = {
				BuildIndependentTargetsInParallel = 1;
				LastSwiftUpdateCheck = 1420;
				LastUpgradeCheck = 1420;
				TargetAttributes = {
					E1B25F4E2DD08A2300D1A034 = {
						CreatedOnToolsVersion = 14.2;
					};
					E1B25F672DD08A2500D1A034 = {
						CreatedOnToolsVersion = 14.2;
						TestTargetID = E1B25F4E2DD08A2300D1A034;
					};
					E1B25F712DD08A2500D1A034 = {
						CreatedOnToolsVersion = 14.2;
						TestTargetID = E1B25F4E2DD08A2300D1A034;
					};
				};
			};
			buildConfigurationList = E1B25F4A2DD08A2300D1A034 /* Build configuration list for PBXProject "Sports App" */;
			compatibilityVersion = "Xcode 14.0";
			developmentRegion = en;
			hasScannedForEncodings = 0;
			knownRegions = (
				en,
				Base,
			);
			mainGroup = E1B25F462DD08A2300D1A034;
			packageReferences = (
				E1BAB9922DDBAC5C007DE3F4 /* XCRemoteSwiftPackageReference "lottie-spm" */,
				E1BAB9932DDBAC6D007DE3F4 /* XCRemoteSwiftPackageReference "Kingfisher" */,
				E1BAB9942DDBAC80007DE3F4 /* XCRemoteSwiftPackageReference "Alamofire" */,
				E1BAB9952DDBACBD007DE3F4 /* XCRemoteSwiftPackageReference "SkeletonView" */,
			);
			productRefGroup = E1B25F502DD08A2300D1A034 /* Products */;
			projectDirPath = "";
			projectRoot = "";
			targets = (
				E1B25F4E2DD08A2300D1A034 /* Sports App */,
				E1B25F672DD08A2500D1A034 /* Sports AppTests */,
				E1B25F712DD08A2500D1A034 /* Sports AppUITests */,
			);
		};
/* End PBXProject section */

/* Begin PBXResourcesBuildPhase section */
		E1B25F4D2DD08A2300D1A034 /* Resources */ = {
			isa = PBXResourcesBuildPhase;
			buildActionMask = 2147483647;
			files = (
				451B91692DD3728100AE40F9 /* SportsLeagues.storyboard in Resources */,
				E1B25F622DD08A2400D1A034 /* LaunchScreen.storyboard in Resources */,
				E162808D2DD4F389003F04A6 /* leagues_details in Resources */,
				E1715BCB2DD2B386006A51D8 /* lottie.json in Resources */,
				E167C3AA2DD4796000E6CAB2 /* LeagueDetails.storyboard in Resources */,
				E1B25F5F2DD08A2400D1A034 /* Assets.xcassets in Resources */,
				451B923C2DD3AA2000AE40F9 /* TeamDetails.storyboard in Resources */,
				E1B25F5A2DD08A2300D1A034 /* Main.storyboard in Resources */,
			);
			runOnlyForDeploymentPostprocessing = 0;
		};
		E1B25F662DD08A2500D1A034 /* Resources */ = {
			isa = PBXResourcesBuildPhase;
			buildActionMask = 2147483647;
			files = (
			);
			runOnlyForDeploymentPostprocessing = 0;
		};
		E1B25F702DD08A2500D1A034 /* Resources */ = {
			isa = PBXResourcesBuildPhase;
			buildActionMask = 2147483647;
			files = (
			);
			runOnlyForDeploymentPostprocessing = 0;
		};
/* End PBXResourcesBuildPhase section */

/* Begin PBXSourcesBuildPhase section */
		E1B25F4B2DD08A2300D1A034 /* Sources */ = {
			isa = PBXSourcesBuildPhase;
			buildActionMask = 2147483647;
			files = (
				E1B25F532DD08A2300D1A034 /* AppDelegate.swift in Sources */,
				E1B25F5D2DD08A2300D1A034 /* Sports_App.xcdatamodeld in Sources */,
				451B92BB2DD3B73500AE40F9 /* TeamDetailsCollectionViewCell.swift in Sources */,
				451B916A2DD3728100AE40F9 /* LeaguesPresenter.swift in Sources */,
				45D8858B2DD504D3004B760C /* FavoriteScreenTableViewController.swift in Sources */,
				451B916B2DD3728100AE40F9 /* LeaguesView.swift in Sources */,
				451B916C2DD3728100AE40F9 /* LeagueTableViewController.swift in Sources */,
				451B916D2DD3728100AE40F9 /* LeagueTableViewCell.swift in Sources */,
				E1C0205A2DD71A57000EF118 /* LeagueDetailsPresenter.swift in Sources */,
				451B92BD2DD3B74700AE40F9 /* PlayerDetailsCollectionViewCell.swift in Sources */,
				45DE4FC52DD6157800C9BA47 /* LeaguesLocalDataSource.swift in Sources */,
				E1C020582DD71941000EF118 /* LeagueDetailsView.swift in Sources */,
				451B92D52DD3D27C00AE40F9 /* TeamDetailsView.swift in Sources */,
				45E681322DD0F158006CB382 /* SportsCellTableViewCell.swift in Sources */,
				E16280912DD4F3B5003F04A6 /* UpcomingEventsCell.swift in Sources */,
				451B92D32DD3D25600AE40F9 /* TeamDetailsPresenter.swift in Sources */,
				E156AC7E2DD61F1D00D9405C /* LeagueCollectionViewController.swift in Sources */,
				451B92FA2DD3DB3E00AE40F9 /* SportsRepository.swift in Sources */,
				45E681332DD0F158006CB382 /* Sport.swift in Sources */,
				451B92B92DD3B71F00AE40F9 /* TeamDetailsCollectionViewController.swift in Sources */,
				456B20F02DDB98400040E22E /* SportsCollectionViewController.swift in Sources */,
				451B91742DD372C600AE40F9 /* Responses.swift in Sources */,
				E1270ACC2DDA0A4B00522780 /* NetworkMonitor.swift in Sources */,
				E16280962DD4F3F7003F04A6 /* LatestEventsCell.swift in Sources */,
				451B91752DD372C600AE40F9 /* SportsAPIService.swift in Sources */,
				45DE4FC32DD6129A00C9BA47 /* FavoritePresenter.swift in Sources */,
				45D8858D2DD5BEDD004B760C /* FavoriteLeagueTableViewCell.swift in Sources */,
				451B91762DD372C600AE40F9 /* Entities.swift in Sources */,
				E16280982DD4F406003F04A6 /* TeamsCell.swift in Sources */,
				E1B25F552DD08A2300D1A034 /* SceneDelegate.swift in Sources */,
				E1715BC92DD2B386006A51D8 /* SplashViewController.swift in Sources */,
				45DE4FC12DD6110800C9BA47 /* FavoriteView.swift in Sources */,
				E1A7724B2DD62A7500A2FD90 /* CustomCollectionViewLayout.swift in Sources */,
				456B21082DDBBF300040E22E /* SportsHeaderCollectionReusableView.swift in Sources */,
			);
			runOnlyForDeploymentPostprocessing = 0;
		};
		E1B25F642DD08A2500D1A034 /* Sources */ = {
			isa = PBXSourcesBuildPhase;
			buildActionMask = 2147483647;
			files = (
				E1B25F6D2DD08A2500D1A034 /* Sports_AppTests.swift in Sources */,
				458EAE2A2DDA0B4B000A4E9D /* SportsAPIServiceTest.swift in Sources */,
			);
			runOnlyForDeploymentPostprocessing = 0;
		};
		E1B25F6E2DD08A2500D1A034 /* Sources */ = {
			isa = PBXSourcesBuildPhase;
			buildActionMask = 2147483647;
			files = (
				E1B25F772DD08A2500D1A034 /* Sports_AppUITests.swift in Sources */,
				E1B25F792DD08A2500D1A034 /* Sports_AppUITestsLaunchTests.swift in Sources */,
			);
			runOnlyForDeploymentPostprocessing = 0;
		};
/* End PBXSourcesBuildPhase section */

/* Begin PBXTargetDependency section */
		E1B25F6A2DD08A2500D1A034 /* PBXTargetDependency */ = {
			isa = PBXTargetDependency;
			target = E1B25F4E2DD08A2300D1A034 /* Sports App */;
			targetProxy = E1B25F692DD08A2500D1A034 /* PBXContainerItemProxy */;
		};
		E1B25F742DD08A2500D1A034 /* PBXTargetDependency */ = {
			isa = PBXTargetDependency;
			target = E1B25F4E2DD08A2300D1A034 /* Sports App */;
			targetProxy = E1B25F732DD08A2500D1A034 /* PBXContainerItemProxy */;
		};
/* End PBXTargetDependency section */

/* Begin PBXVariantGroup section */
		E1B25F582DD08A2300D1A034 /* Main.storyboard */ = {
			isa = PBXVariantGroup;
			children = (
				E1B25F592DD08A2300D1A034 /* Base */,
			);
			name = Main.storyboard;
			sourceTree = "<group>";
		};
		E1B25F602DD08A2400D1A034 /* LaunchScreen.storyboard */ = {
			isa = PBXVariantGroup;
			children = (
				E1B25F612DD08A2400D1A034 /* Base */,
			);
			name = LaunchScreen.storyboard;
			sourceTree = "<group>";
		};
/* End PBXVariantGroup section */

/* Begin XCBuildConfiguration section */
		E1B25F7A2DD08A2500D1A034 /* Debug */ = {
			isa = XCBuildConfiguration;
			buildSettings = {
				ALWAYS_SEARCH_USER_PATHS = NO;
				CLANG_ANALYZER_NONNULL = YES;
				CLANG_ANALYZER_NUMBER_OBJECT_CONVERSION = YES_AGGRESSIVE;
				CLANG_CXX_LANGUAGE_STANDARD = "gnu++20";
				CLANG_ENABLE_MODULES = YES;
				CLANG_ENABLE_OBJC_ARC = YES;
				CLANG_ENABLE_OBJC_WEAK = YES;
				CLANG_WARN_BLOCK_CAPTURE_AUTORELEASING = YES;
				CLANG_WARN_BOOL_CONVERSION = YES;
				CLANG_WARN_COMMA = YES;
				CLANG_WARN_CONSTANT_CONVERSION = YES;
				CLANG_WARN_DEPRECATED_OBJC_IMPLEMENTATIONS = YES;
				CLANG_WARN_DIRECT_OBJC_ISA_USAGE = YES_ERROR;
				CLANG_WARN_DOCUMENTATION_COMMENTS = YES;
				CLANG_WARN_EMPTY_BODY = YES;
				CLANG_WARN_ENUM_CONVERSION = YES;
				CLANG_WARN_INFINITE_RECURSION = YES;
				CLANG_WARN_INT_CONVERSION = YES;
				CLANG_WARN_NON_LITERAL_NULL_CONVERSION = YES;
				CLANG_WARN_OBJC_IMPLICIT_RETAIN_SELF = YES;
				CLANG_WARN_OBJC_LITERAL_CONVERSION = YES;
				CLANG_WARN_OBJC_ROOT_CLASS = YES_ERROR;
				CLANG_WARN_QUOTED_INCLUDE_IN_FRAMEWORK_HEADER = YES;
				CLANG_WARN_RANGE_LOOP_ANALYSIS = YES;
				CLANG_WARN_STRICT_PROTOTYPES = YES;
				CLANG_WARN_SUSPICIOUS_MOVE = YES;
				CLANG_WARN_UNGUARDED_AVAILABILITY = YES_AGGRESSIVE;
				CLANG_WARN_UNREACHABLE_CODE = YES;
				CLANG_WARN__DUPLICATE_METHOD_MATCH = YES;
				COPY_PHASE_STRIP = NO;
				DEBUG_INFORMATION_FORMAT = dwarf;
				ENABLE_STRICT_OBJC_MSGSEND = YES;
				ENABLE_TESTABILITY = YES;
				GCC_C_LANGUAGE_STANDARD = gnu11;
				GCC_DYNAMIC_NO_PIC = NO;
				GCC_NO_COMMON_BLOCKS = YES;
				GCC_OPTIMIZATION_LEVEL = 0;
				GCC_PREPROCESSOR_DEFINITIONS = (
					"DEBUG=1",
					"$(inherited)",
				);
				GCC_WARN_64_TO_32_BIT_CONVERSION = YES;
				GCC_WARN_ABOUT_RETURN_TYPE = YES_ERROR;
				GCC_WARN_UNDECLARED_SELECTOR = YES;
				GCC_WARN_UNINITIALIZED_AUTOS = YES_AGGRESSIVE;
				GCC_WARN_UNUSED_FUNCTION = YES;
				GCC_WARN_UNUSED_VARIABLE = YES;
				IPHONEOS_DEPLOYMENT_TARGET = 16.2;
				MTL_ENABLE_DEBUG_INFO = INCLUDE_SOURCE;
				MTL_FAST_MATH = YES;
				ONLY_ACTIVE_ARCH = YES;
				SDKROOT = iphoneos;
				SWIFT_ACTIVE_COMPILATION_CONDITIONS = DEBUG;
				SWIFT_OPTIMIZATION_LEVEL = "-Onone";
			};
			name = Debug;
		};
		E1B25F7B2DD08A2500D1A034 /* Release */ = {
			isa = XCBuildConfiguration;
			buildSettings = {
				ALWAYS_SEARCH_USER_PATHS = NO;
				CLANG_ANALYZER_NONNULL = YES;
				CLANG_ANALYZER_NUMBER_OBJECT_CONVERSION = YES_AGGRESSIVE;
				CLANG_CXX_LANGUAGE_STANDARD = "gnu++20";
				CLANG_ENABLE_MODULES = YES;
				CLANG_ENABLE_OBJC_ARC = YES;
				CLANG_ENABLE_OBJC_WEAK = YES;
				CLANG_WARN_BLOCK_CAPTURE_AUTORELEASING = YES;
				CLANG_WARN_BOOL_CONVERSION = YES;
				CLANG_WARN_COMMA = YES;
				CLANG_WARN_CONSTANT_CONVERSION = YES;
				CLANG_WARN_DEPRECATED_OBJC_IMPLEMENTATIONS = YES;
				CLANG_WARN_DIRECT_OBJC_ISA_USAGE = YES_ERROR;
				CLANG_WARN_DOCUMENTATION_COMMENTS = YES;
				CLANG_WARN_EMPTY_BODY = YES;
				CLANG_WARN_ENUM_CONVERSION = YES;
				CLANG_WARN_INFINITE_RECURSION = YES;
				CLANG_WARN_INT_CONVERSION = YES;
				CLANG_WARN_NON_LITERAL_NULL_CONVERSION = YES;
				CLANG_WARN_OBJC_IMPLICIT_RETAIN_SELF = YES;
				CLANG_WARN_OBJC_LITERAL_CONVERSION = YES;
				CLANG_WARN_OBJC_ROOT_CLASS = YES_ERROR;
				CLANG_WARN_QUOTED_INCLUDE_IN_FRAMEWORK_HEADER = YES;
				CLANG_WARN_RANGE_LOOP_ANALYSIS = YES;
				CLANG_WARN_STRICT_PROTOTYPES = YES;
				CLANG_WARN_SUSPICIOUS_MOVE = YES;
				CLANG_WARN_UNGUARDED_AVAILABILITY = YES_AGGRESSIVE;
				CLANG_WARN_UNREACHABLE_CODE = YES;
				CLANG_WARN__DUPLICATE_METHOD_MATCH = YES;
				COPY_PHASE_STRIP = NO;
				DEBUG_INFORMATION_FORMAT = "dwarf-with-dsym";
				ENABLE_NS_ASSERTIONS = NO;
				ENABLE_STRICT_OBJC_MSGSEND = YES;
				GCC_C_LANGUAGE_STANDARD = gnu11;
				GCC_NO_COMMON_BLOCKS = YES;
				GCC_WARN_64_TO_32_BIT_CONVERSION = YES;
				GCC_WARN_ABOUT_RETURN_TYPE = YES_ERROR;
				GCC_WARN_UNDECLARED_SELECTOR = YES;
				GCC_WARN_UNINITIALIZED_AUTOS = YES_AGGRESSIVE;
				GCC_WARN_UNUSED_FUNCTION = YES;
				GCC_WARN_UNUSED_VARIABLE = YES;
				IPHONEOS_DEPLOYMENT_TARGET = 16.2;
				MTL_ENABLE_DEBUG_INFO = NO;
				MTL_FAST_MATH = YES;
				SDKROOT = iphoneos;
				SWIFT_COMPILATION_MODE = wholemodule;
				SWIFT_OPTIMIZATION_LEVEL = "-O";
				VALIDATE_PRODUCT = YES;
			};
			name = Release;
		};
		E1B25F7D2DD08A2500D1A034 /* Debug */ = {
			isa = XCBuildConfiguration;
			buildSettings = {
				ASSETCATALOG_COMPILER_APPICON_NAME = AppIcon;
				ASSETCATALOG_COMPILER_GLOBAL_ACCENT_COLOR_NAME = AccentColor;
				CODE_SIGN_STYLE = Automatic;
				CURRENT_PROJECT_VERSION = 1;
				GENERATE_INFOPLIST_FILE = YES;
				INFOPLIST_FILE = "Sports App/Info.plist";
				INFOPLIST_KEY_UIApplicationSupportsIndirectInputEvents = YES;
				INFOPLIST_KEY_UILaunchStoryboardName = LaunchScreen;
				INFOPLIST_KEY_UIMainStoryboardFile = Main;
				INFOPLIST_KEY_UISupportedInterfaceOrientations_iPad = "UIInterfaceOrientationPortrait UIInterfaceOrientationPortraitUpsideDown UIInterfaceOrientationLandscapeLeft UIInterfaceOrientationLandscapeRight";
				INFOPLIST_KEY_UISupportedInterfaceOrientations_iPhone = "UIInterfaceOrientationPortrait UIInterfaceOrientationLandscapeLeft UIInterfaceOrientationLandscapeRight";
				LD_RUNPATH_SEARCH_PATHS = (
					"$(inherited)",
					"@executable_path/Frameworks",
				);
				MARKETING_VERSION = 1.0;
				PRODUCT_BUNDLE_IDENTIFIER = "com.Sports-App";
				PRODUCT_NAME = "$(TARGET_NAME)";
				SWIFT_EMIT_LOC_STRINGS = YES;
				SWIFT_VERSION = 5.0;
				TARGETED_DEVICE_FAMILY = "1,2";
			};
			name = Debug;
		};
		E1B25F7E2DD08A2500D1A034 /* Release */ = {
			isa = XCBuildConfiguration;
			buildSettings = {
				ASSETCATALOG_COMPILER_APPICON_NAME = AppIcon;
				ASSETCATALOG_COMPILER_GLOBAL_ACCENT_COLOR_NAME = AccentColor;
				CODE_SIGN_STYLE = Automatic;
				CURRENT_PROJECT_VERSION = 1;
				GENERATE_INFOPLIST_FILE = YES;
				INFOPLIST_FILE = "Sports App/Info.plist";
				INFOPLIST_KEY_UIApplicationSupportsIndirectInputEvents = YES;
				INFOPLIST_KEY_UILaunchStoryboardName = LaunchScreen;
				INFOPLIST_KEY_UIMainStoryboardFile = Main;
				INFOPLIST_KEY_UISupportedInterfaceOrientations_iPad = "UIInterfaceOrientationPortrait UIInterfaceOrientationPortraitUpsideDown UIInterfaceOrientationLandscapeLeft UIInterfaceOrientationLandscapeRight";
				INFOPLIST_KEY_UISupportedInterfaceOrientations_iPhone = "UIInterfaceOrientationPortrait UIInterfaceOrientationLandscapeLeft UIInterfaceOrientationLandscapeRight";
				LD_RUNPATH_SEARCH_PATHS = (
					"$(inherited)",
					"@executable_path/Frameworks",
				);
				MARKETING_VERSION = 1.0;
				PRODUCT_BUNDLE_IDENTIFIER = "com.Sports-App";
				PRODUCT_NAME = "$(TARGET_NAME)";
				SWIFT_EMIT_LOC_STRINGS = YES;
				SWIFT_VERSION = 5.0;
				TARGETED_DEVICE_FAMILY = "1,2";
			};
			name = Release;
		};
		E1B25F802DD08A2500D1A034 /* Debug */ = {
			isa = XCBuildConfiguration;
			buildSettings = {
				ALWAYS_EMBED_SWIFT_STANDARD_LIBRARIES = YES;
				BUNDLE_LOADER = "$(TEST_HOST)";
				CODE_SIGN_STYLE = Automatic;
				CURRENT_PROJECT_VERSION = 1;
				GENERATE_INFOPLIST_FILE = YES;
				IPHONEOS_DEPLOYMENT_TARGET = 16.2;
				MARKETING_VERSION = 1.0;
				PRODUCT_BUNDLE_IDENTIFIER = "com.Sports-AppTests";
				PRODUCT_NAME = "$(TARGET_NAME)";
				SWIFT_EMIT_LOC_STRINGS = NO;
				SWIFT_VERSION = 5.0;
				TARGETED_DEVICE_FAMILY = "1,2";
				TEST_HOST = "$(BUILT_PRODUCTS_DIR)/Sports App.app/$(BUNDLE_EXECUTABLE_FOLDER_PATH)/Sports App";
			};
			name = Debug;
		};
		E1B25F812DD08A2500D1A034 /* Release */ = {
			isa = XCBuildConfiguration;
			buildSettings = {
				ALWAYS_EMBED_SWIFT_STANDARD_LIBRARIES = YES;
				BUNDLE_LOADER = "$(TEST_HOST)";
				CODE_SIGN_STYLE = Automatic;
				CURRENT_PROJECT_VERSION = 1;
				GENERATE_INFOPLIST_FILE = YES;
				IPHONEOS_DEPLOYMENT_TARGET = 16.2;
				MARKETING_VERSION = 1.0;
				PRODUCT_BUNDLE_IDENTIFIER = "com.Sports-AppTests";
				PRODUCT_NAME = "$(TARGET_NAME)";
				SWIFT_EMIT_LOC_STRINGS = NO;
				SWIFT_VERSION = 5.0;
				TARGETED_DEVICE_FAMILY = "1,2";
				TEST_HOST = "$(BUILT_PRODUCTS_DIR)/Sports App.app/$(BUNDLE_EXECUTABLE_FOLDER_PATH)/Sports App";
			};
			name = Release;
		};
		E1B25F832DD08A2500D1A034 /* Debug */ = {
			isa = XCBuildConfiguration;
			buildSettings = {
				ALWAYS_EMBED_SWIFT_STANDARD_LIBRARIES = YES;
				CODE_SIGN_STYLE = Automatic;
				CURRENT_PROJECT_VERSION = 1;
				GENERATE_INFOPLIST_FILE = YES;
				MARKETING_VERSION = 1.0;
				PRODUCT_BUNDLE_IDENTIFIER = "com.Sports-AppUITests";
				PRODUCT_NAME = "$(TARGET_NAME)";
				SWIFT_EMIT_LOC_STRINGS = NO;
				SWIFT_VERSION = 5.0;
				TARGETED_DEVICE_FAMILY = "1,2";
				TEST_TARGET_NAME = "Sports App";
			};
			name = Debug;
		};
		E1B25F842DD08A2500D1A034 /* Release */ = {
			isa = XCBuildConfiguration;
			buildSettings = {
				ALWAYS_EMBED_SWIFT_STANDARD_LIBRARIES = YES;
				CODE_SIGN_STYLE = Automatic;
				CURRENT_PROJECT_VERSION = 1;
				GENERATE_INFOPLIST_FILE = YES;
				MARKETING_VERSION = 1.0;
				PRODUCT_BUNDLE_IDENTIFIER = "com.Sports-AppUITests";
				PRODUCT_NAME = "$(TARGET_NAME)";
				SWIFT_EMIT_LOC_STRINGS = NO;
				SWIFT_VERSION = 5.0;
				TARGETED_DEVICE_FAMILY = "1,2";
				TEST_TARGET_NAME = "Sports App";
			};
			name = Release;
		};
/* End XCBuildConfiguration section */

/* Begin XCConfigurationList section */
		E1B25F4A2DD08A2300D1A034 /* Build configuration list for PBXProject "Sports App" */ = {
			isa = XCConfigurationList;
			buildConfigurations = (
				E1B25F7A2DD08A2500D1A034 /* Debug */,
				E1B25F7B2DD08A2500D1A034 /* Release */,
			);
			defaultConfigurationIsVisible = 0;
			defaultConfigurationName = Release;
		};
		E1B25F7C2DD08A2500D1A034 /* Build configuration list for PBXNativeTarget "Sports App" */ = {
			isa = XCConfigurationList;
			buildConfigurations = (
				E1B25F7D2DD08A2500D1A034 /* Debug */,
				E1B25F7E2DD08A2500D1A034 /* Release */,
			);
			defaultConfigurationIsVisible = 0;
			defaultConfigurationName = Release;
		};
		E1B25F7F2DD08A2500D1A034 /* Build configuration list for PBXNativeTarget "Sports AppTests" */ = {
			isa = XCConfigurationList;
			buildConfigurations = (
				E1B25F802DD08A2500D1A034 /* Debug */,
				E1B25F812DD08A2500D1A034 /* Release */,
			);
			defaultConfigurationIsVisible = 0;
			defaultConfigurationName = Release;
		};
		E1B25F822DD08A2500D1A034 /* Build configuration list for PBXNativeTarget "Sports AppUITests" */ = {
			isa = XCConfigurationList;
			buildConfigurations = (
				E1B25F832DD08A2500D1A034 /* Debug */,
				E1B25F842DD08A2500D1A034 /* Release */,
			);
			defaultConfigurationIsVisible = 0;
			defaultConfigurationName = Release;
		};
/* End XCConfigurationList section */

/* Begin XCRemoteSwiftPackageReference section */
		E1BAB9922DDBAC5C007DE3F4 /* XCRemoteSwiftPackageReference "lottie-spm" */ = {
			isa = XCRemoteSwiftPackageReference;
			repositoryURL = "https://github.com/airbnb/lottie-spm.git";
			requirement = {
				kind = upToNextMajorVersion;
				minimumVersion = 4.0.0;
			};
		};
		E1BAB9932DDBAC6D007DE3F4 /* XCRemoteSwiftPackageReference "Kingfisher" */ = {
			isa = XCRemoteSwiftPackageReference;
			repositoryURL = "https://github.com/onevcat/Kingfisher.git";
			requirement = {
				kind = versionRange;
				maximumVersion = 8.0.0;
				minimumVersion = 7.0.0;
			};
		};
		E1BAB9942DDBAC80007DE3F4 /* XCRemoteSwiftPackageReference "Alamofire" */ = {
			isa = XCRemoteSwiftPackageReference;
			repositoryURL = "https://github.com/Alamofire/Alamofire.git";
			requirement = {
				kind = exactVersion;
				version = 5.6.4;
			};
		};
		E1BAB9952DDBACBD007DE3F4 /* XCRemoteSwiftPackageReference "SkeletonView" */ = {
			isa = XCRemoteSwiftPackageReference;
			repositoryURL = "https://github.com/Juanpe/SkeletonView.git";
			requirement = {
				kind = versionRange;
				maximumVersion = 2.0.0;
				minimumVersion = 1.0.0;
			};
		};
/* End XCRemoteSwiftPackageReference section */

/* Begin XCSwiftPackageProductDependency section */
		E1BAB9972DDBAE8A007DE3F4 /* Kingfisher */ = {
			isa = XCSwiftPackageProductDependency;
			package = E1BAB9932DDBAC6D007DE3F4 /* XCRemoteSwiftPackageReference "Kingfisher" */;
			productName = Kingfisher;
		};
		E1BAB9992DDBAE9D007DE3F4 /* Lottie */ = {
			isa = XCSwiftPackageProductDependency;
			package = E1BAB9922DDBAC5C007DE3F4 /* XCRemoteSwiftPackageReference "lottie-spm" */;
			productName = Lottie;
		};
		E1BAB99B2DDBAEA0007DE3F4 /* Alamofire */ = {
			isa = XCSwiftPackageProductDependency;
			package = E1BAB9942DDBAC80007DE3F4 /* XCRemoteSwiftPackageReference "Alamofire" */;
			productName = Alamofire;
		};
		E1BAB99D2DDBAEA7007DE3F4 /* SkeletonView */ = {
			isa = XCSwiftPackageProductDependency;
			package = E1BAB9952DDBACBD007DE3F4 /* XCRemoteSwiftPackageReference "SkeletonView" */;
			productName = SkeletonView;
		};
/* End XCSwiftPackageProductDependency section */

/* Begin XCVersionGroup section */
		E1B25F5B2DD08A2300D1A034 /* Sports_App.xcdatamodeld */ = {
			isa = XCVersionGroup;
			children = (
				E1B25F5C2DD08A2300D1A034 /* Sports_App.xcdatamodel */,
			);
			currentVersion = E1B25F5C2DD08A2300D1A034 /* Sports_App.xcdatamodel */;
			path = Sports_App.xcdatamodeld;
			sourceTree = "<group>";
			versionGroupType = wrapper.xcdatamodel;
		};
/* End XCVersionGroup section */
	};
	rootObject = E1B25F472DD08A2300D1A034 /* Project object */;
}
